// !$*UTF8*$!
{
	archiveVersion = 1;
	classes = {
	};
	objectVersion = 46;
	objects = {

/* Begin PBXBuildFile section */
		66018A4819F61F4400228A0D /* DeleteAssets.h in Headers */ = {isa = PBXBuildFile; fileRef = 66018A4719F61F4400228A0D /* DeleteAssets.h */; settings = {ATTRIBUTES = (Public, ); }; };
		6658ABD01A7B1A1F00F32506 /* JotGLLayerBackedFrameBuffer.h in Headers */ = {isa = PBXBuildFile; fileRef = 6658ABCE1A7B1A1F00F32506 /* JotGLLayerBackedFrameBuffer.h */; };
		6658ABD11A7B1A1F00F32506 /* JotGLLayerBackedFrameBuffer.m in Sources */ = {isa = PBXBuildFile; fileRef = 6658ABCF1A7B1A1F00F32506 /* JotGLLayerBackedFrameBuffer.m */; };
		6658ABD41A7B1ED500F32506 /* AbstractJotGLFrameBuffer.h in Headers */ = {isa = PBXBuildFile; fileRef = 6658ABD21A7B1ED500F32506 /* AbstractJotGLFrameBuffer.h */; settings = {ATTRIBUTES = (Public, ); }; };
		6658ABD51A7B1ED500F32506 /* AbstractJotGLFrameBuffer.m in Sources */ = {isa = PBXBuildFile; fileRef = 6658ABD31A7B1ED500F32506 /* AbstractJotGLFrameBuffer.m */; };
		66696F7F1828501B00B7442F /* JotViewStateProxy.h in Headers */ = {isa = PBXBuildFile; fileRef = 66696F7D1828501B00B7442F /* JotViewStateProxy.h */; settings = {ATTRIBUTES = (Public, ); }; };
		66696F801828501B00B7442F /* JotViewStateProxy.m in Sources */ = {isa = PBXBuildFile; fileRef = 66696F7E1828501B00B7442F /* JotViewStateProxy.m */; };
		66696F821828505A00B7442F /* JotViewStateProxyDelegate.h in Headers */ = {isa = PBXBuildFile; fileRef = 66696F811828505A00B7442F /* JotViewStateProxyDelegate.h */; settings = {ATTRIBUTES = (Public, ); }; };
		667C9F6E19FEF2C900708632 /* JotSharedBrushTexture.h in Headers */ = {isa = PBXBuildFile; fileRef = 667C9F6C19FEF2C900708632 /* JotSharedBrushTexture.h */; };
		667C9F6F19FEF2C900708632 /* JotSharedBrushTexture.m in Sources */ = {isa = PBXBuildFile; fileRef = 667C9F6D19FEF2C900708632 /* JotSharedBrushTexture.m */; };
		667EC03B1A01F4F60069FF33 /* JotDiskAssetManager.h in Headers */ = {isa = PBXBuildFile; fileRef = 667EC0391A01F4F60069FF33 /* JotDiskAssetManager.h */; settings = {ATTRIBUTES = (Public, ); }; };
		667EC03C1A01F4F60069FF33 /* JotDiskAssetManager.m in Sources */ = {isa = PBXBuildFile; fileRef = 667EC03A1A01F4F60069FF33 /* JotDiskAssetManager.m */; };
		667EC0401A0206EE0069FF33 /* JotImageWriteOperation.h in Headers */ = {isa = PBXBuildFile; fileRef = 667EC03E1A0206EE0069FF33 /* JotImageWriteOperation.h */; };
		667EC0411A0206EE0069FF33 /* JotImageWriteOperation.m in Sources */ = {isa = PBXBuildFile; fileRef = 667EC03F1A0206EE0069FF33 /* JotImageWriteOperation.m */; };
		668D19E319F8652100A65DCF /* JotTextureCache.h in Headers */ = {isa = PBXBuildFile; fileRef = 668D19E119F8652100A65DCF /* JotTextureCache.h */; settings = {ATTRIBUTES = (Public, ); }; };
		668D19E419F8652100A65DCF /* JotTextureCache.m in Sources */ = {isa = PBXBuildFile; fileRef = 668D19E219F8652100A65DCF /* JotTextureCache.m */; };
		66A575A61B6D4CC700F599FC /* MMWeakTimer.h in Headers */ = {isa = PBXBuildFile; fileRef = 66A575A41B6D4CC700F599FC /* MMWeakTimer.h */; settings = {ATTRIBUTES = (Public, ); }; };
		66A575A71B6D4CC700F599FC /* MMWeakTimer.m in Sources */ = {isa = PBXBuildFile; fileRef = 66A575A51B6D4CC700F599FC /* MMWeakTimer.m */; };
		66A575AB1B6D536B00F599FC /* MMMainOperationQueue.h in Headers */ = {isa = PBXBuildFile; fileRef = 66A575A91B6D536B00F599FC /* MMMainOperationQueue.h */; settings = {ATTRIBUTES = (Public, ); }; };
		66A575AC1B6D536B00F599FC /* MMMainOperationQueue.m in Sources */ = {isa = PBXBuildFile; fileRef = 66A575AA1B6D536B00F599FC /* MMMainOperationQueue.m */; };
		66A64EF419FB5B8E0026305B /* NSMutableArray+RemoveSingle.h in Headers */ = {isa = PBXBuildFile; fileRef = 66A64EF219FB5B8E0026305B /* NSMutableArray+RemoveSingle.h */; };
		66A64EF519FB5B8E0026305B /* NSMutableArray+RemoveSingle.m in Sources */ = {isa = PBXBuildFile; fileRef = 66A64EF319FB5B8E0026305B /* NSMutableArray+RemoveSingle.m */; };
		66AC155818079A72005315C8 /* Foundation.framework in Frameworks */ = {isa = PBXBuildFile; fileRef = 669B39AC1692B46A00F12F42 /* Foundation.framework */; };
		66AC156318079B27005315C8 /* UIImage+Resize.m in Sources */ = {isa = PBXBuildFile; fileRef = 66BF7F2F1766D133003F4F67 /* UIImage+Resize.m */; };
		66AC156418079B27005315C8 /* UIImage+RoundedCorner.m in Sources */ = {isa = PBXBuildFile; fileRef = 66BF7F331766D220003F4F67 /* UIImage+RoundedCorner.m */; };
		66AC156518079B27005315C8 /* UIImage+Alpha.m in Sources */ = {isa = PBXBuildFile; fileRef = 66BF7F351766D220003F4F67 /* UIImage+Alpha.m */; };
		66AC156618079B27005315C8 /* NSMutableSet+Extras.m in Sources */ = {isa = PBXBuildFile; fileRef = 66382CB216DD5DC40053C6E6 /* NSMutableSet+Extras.m */; };
		66AC156718079B27005315C8 /* UIColor+JotHelper.m in Sources */ = {isa = PBXBuildFile; fileRef = 66A340261694FF5E0093E81A /* UIColor+JotHelper.m */; };
		66AC156818079B27005315C8 /* NSArray+JotMapReduce.m in Sources */ = {isa = PBXBuildFile; fileRef = 66BF7F2B17667C19003F4F67 /* NSArray+JotMapReduce.m */; };
		66AC156918079B27005315C8 /* JotTrashManager.m in Sources */ = {isa = PBXBuildFile; fileRef = 66A79018177251960092A28A /* JotTrashManager.m */; };
		66AC156A18079B27005315C8 /* JotBufferManager.m in Sources */ = {isa = PBXBuildFile; fileRef = 6691EED4179B7097007BBD15 /* JotBufferManager.m */; };
		66AC156B18079B27005315C8 /* JotBufferVBO.m in Sources */ = {isa = PBXBuildFile; fileRef = 662681F5179B73FA0039A75B /* JotBufferVBO.m */; };
		66AC156C18079B27005315C8 /* OpenGLVBO.m in Sources */ = {isa = PBXBuildFile; fileRef = 66D9828017B1679400007732 /* OpenGLVBO.m */; };
		66AC156D18079B27005315C8 /* JotBrushTexture.m in Sources */ = {isa = PBXBuildFile; fileRef = 66BF7F20176675E0003F4F67 /* JotBrushTexture.m */; };
		66AC156E18079B27005315C8 /* JotDefaultBrushTexture.m in Sources */ = {isa = PBXBuildFile; fileRef = 66BF7F2417667663003F4F67 /* JotDefaultBrushTexture.m */; };
		66AC156F18079B27005315C8 /* JotGLTexture.m in Sources */ = {isa = PBXBuildFile; fileRef = 66455F8D175FC47200C66DFA /* JotGLTexture.m */; };
		66AC157118079B27005315C8 /* JotGLContext.m in Sources */ = {isa = PBXBuildFile; fileRef = 6648A52317F0E09000117ECB /* JotGLContext.m */; };
		66AC157218079B27005315C8 /* JotStroke.m in Sources */ = {isa = PBXBuildFile; fileRef = 66AA5FB7169E77180046CA26 /* JotStroke.m */; };
		66AC157318079B27005315C8 /* JotStrokeManager.m in Sources */ = {isa = PBXBuildFile; fileRef = 663C1870175467DB00706A05 /* JotStrokeManager.m */; settings = {COMPILER_FLAGS = "-fno-objc-arc"; }; };
		66AC157418079B27005315C8 /* JotImmutableStroke.m in Sources */ = {isa = PBXBuildFile; fileRef = 66AA82E2177611D800F26904 /* JotImmutableStroke.m */; };
		66AC157518079B27005315C8 /* SegmentSmoother.m in Sources */ = {isa = PBXBuildFile; fileRef = 669B39E21692B50500F12F42 /* SegmentSmoother.m */; };
		66AC157618079B27005315C8 /* AbstractBezierPathElement.m in Sources */ = {isa = PBXBuildFile; fileRef = 669B39DA1692B50500F12F42 /* AbstractBezierPathElement.m */; };
		66AC157718079B27005315C8 /* MoveToPathElement.m in Sources */ = {isa = PBXBuildFile; fileRef = 662B55CF16A9EAC30020CFC3 /* MoveToPathElement.m */; };
		66AC157818079B27005315C8 /* CurveToPathElement.m in Sources */ = {isa = PBXBuildFile; fileRef = 669B39DC1692B50500F12F42 /* CurveToPathElement.m */; };
		66AC157918079B27005315C8 /* JotViewState.m in Sources */ = {isa = PBXBuildFile; fileRef = 6622F9D21774E72400C06825 /* JotViewState.m */; };
		66AC157A18079B27005315C8 /* JotViewImmutableState.m in Sources */ = {isa = PBXBuildFile; fileRef = 66AA82E717761C2300F26904 /* JotViewImmutableState.m */; };
		66AC157B18079B27005315C8 /* JotView.m in Sources */ = {isa = PBXBuildFile; fileRef = 669B3A301692B68F00F12F42 /* JotView.m */; };
		66AC157C18079B27005315C8 /* MMWeakTimerTarget.m in Sources */ = {isa = PBXBuildFile; fileRef = 668E838417FCB27D003B00D3 /* MMWeakTimerTarget.m */; };
		66AC157D18079B35005315C8 /* UIKit.framework in Frameworks */ = {isa = PBXBuildFile; fileRef = 66A32026170242D200692C71 /* UIKit.framework */; };
		66B498811AA131D300D48094 /* JotGLTypes.h in Headers */ = {isa = PBXBuildFile; fileRef = 66B498801AA131D300D48094 /* JotGLTypes.h */; settings = {ATTRIBUTES = (Public, ); }; };
		66B498831AA1481F00D48094 /* JotGLContext+Buffers.h in Headers */ = {isa = PBXBuildFile; fileRef = 66B498821AA1481F00D48094 /* JotGLContext+Buffers.h */; };
		66B7E0521A0B4D94000797E4 /* UIScreen+PortraitBounds.h in Headers */ = {isa = PBXBuildFile; fileRef = 66B7E0501A0B4D94000797E4 /* UIScreen+PortraitBounds.h */; settings = {ATTRIBUTES = (Public, ); }; };
		66B7E0531A0B4D94000797E4 /* UIScreen+PortraitBounds.m in Sources */ = {isa = PBXBuildFile; fileRef = 66B7E0511A0B4D94000797E4 /* UIScreen+PortraitBounds.m */; };
		66C6AAE718A2E4D50036F4BB /* JotFilledPathStroke.h in Headers */ = {isa = PBXBuildFile; fileRef = 66C6AAE518A2E4D50036F4BB /* JotFilledPathStroke.h */; };
		66C6AAE818A2E4D50036F4BB /* JotFilledPathStroke.m in Sources */ = {isa = PBXBuildFile; fileRef = 66C6AAE618A2E4D50036F4BB /* JotFilledPathStroke.m */; };
		66C6AAEB18A2E78E0036F4BB /* FilledPathElement.h in Headers */ = {isa = PBXBuildFile; fileRef = 66C6AAE918A2E78E0036F4BB /* FilledPathElement.h */; };
		66C6AAEC18A2E78E0036F4BB /* FilledPathElement.m in Sources */ = {isa = PBXBuildFile; fileRef = 66C6AAEA18A2E78E0036F4BB /* FilledPathElement.m */; };
		66F1F1E218079BD700B8CE3B /* UIImage+Resize.h in Headers */ = {isa = PBXBuildFile; fileRef = 66BF7F2E1766D133003F4F67 /* UIImage+Resize.h */; settings = {ATTRIBUTES = (Public, ); }; };
		66F1F1E318079BD700B8CE3B /* UIImage+RoundedCorner.h in Headers */ = {isa = PBXBuildFile; fileRef = 66BF7F321766D220003F4F67 /* UIImage+RoundedCorner.h */; settings = {ATTRIBUTES = (Public, ); }; };
		66F1F1E418079BD700B8CE3B /* UIImage+Alpha.h in Headers */ = {isa = PBXBuildFile; fileRef = 66BF7F341766D220003F4F67 /* UIImage+Alpha.h */; settings = {ATTRIBUTES = (Public, ); }; };
		66F1F1E518079BD700B8CE3B /* NSMutableSet+Extras.h in Headers */ = {isa = PBXBuildFile; fileRef = 66382CB116DD5DC40053C6E6 /* NSMutableSet+Extras.h */; settings = {ATTRIBUTES = (Public, ); }; };
		66F1F1E618079BD700B8CE3B /* UIColor+JotHelper.h in Headers */ = {isa = PBXBuildFile; fileRef = 66A340251694FF5E0093E81A /* UIColor+JotHelper.h */; settings = {ATTRIBUTES = (Public, ); }; };
		66F1F1E718079BD700B8CE3B /* NSArray+JotMapReduce.h in Headers */ = {isa = PBXBuildFile; fileRef = 66BF7F2A17667C19003F4F67 /* NSArray+JotMapReduce.h */; settings = {ATTRIBUTES = (Public, ); }; };
		66F1F1E818079BD700B8CE3B /* JotTrashManager.h in Headers */ = {isa = PBXBuildFile; fileRef = 66A79017177251960092A28A /* JotTrashManager.h */; settings = {ATTRIBUTES = (Public, ); }; };
		66F1F1E918079BD700B8CE3B /* JotBufferManager.h in Headers */ = {isa = PBXBuildFile; fileRef = 6691EED3179B7097007BBD15 /* JotBufferManager.h */; settings = {ATTRIBUTES = (Public, ); }; };
		66F1F1EA18079BD700B8CE3B /* JotBufferVBO.h in Headers */ = {isa = PBXBuildFile; fileRef = 662681F4179B73FA0039A75B /* JotBufferVBO.h */; settings = {ATTRIBUTES = (Public, ); }; };
		66F1F1EB18079BD700B8CE3B /* OpenGLVBO.h in Headers */ = {isa = PBXBuildFile; fileRef = 66D9827F17B1679400007732 /* OpenGLVBO.h */; settings = {ATTRIBUTES = (Public, ); }; };
		66F1F1EC18079BD700B8CE3B /* PlistSaving.h in Headers */ = {isa = PBXBuildFile; fileRef = 66BF7F2817667951003F4F67 /* PlistSaving.h */; settings = {ATTRIBUTES = (Public, ); }; };
		66F1F1ED18079BD700B8CE3B /* JotBrushTexture.h in Headers */ = {isa = PBXBuildFile; fileRef = 66BF7F1F176675E0003F4F67 /* JotBrushTexture.h */; settings = {ATTRIBUTES = (Public, ); }; };
		66F1F1EE18079BD700B8CE3B /* JotDefaultBrushTexture.h in Headers */ = {isa = PBXBuildFile; fileRef = 66BF7F2317667663003F4F67 /* JotDefaultBrushTexture.h */; settings = {ATTRIBUTES = (Public, ); }; };
		66F1F1EF18079BD700B8CE3B /* JotGLTexture.h in Headers */ = {isa = PBXBuildFile; fileRef = 66455F8C175FC47200C66DFA /* JotGLTexture.h */; settings = {ATTRIBUTES = (Public, ); }; };
		66F1F1F018079BD700B8CE3B /* JotGLTextureBackedFrameBuffer.h in Headers */ = {isa = PBXBuildFile; fileRef = 66455F90175FD8BF00C66DFA /* JotGLTextureBackedFrameBuffer.h */; settings = {ATTRIBUTES = (Public, ); }; };
		66F1F1F118079BD700B8CE3B /* JotGLContext.h in Headers */ = {isa = PBXBuildFile; fileRef = 6648A52217F0E09000117ECB /* JotGLContext.h */; settings = {ATTRIBUTES = (Public, ); }; };
		66F1F1F218079BD700B8CE3B /* JotStroke.h in Headers */ = {isa = PBXBuildFile; fileRef = 66AA5FB6169E77180046CA26 /* JotStroke.h */; settings = {ATTRIBUTES = (Public, ); }; };
		66F1F1F318079BD700B8CE3B /* JotStrokeDelegate.h in Headers */ = {isa = PBXBuildFile; fileRef = 663C1874175524EF00706A05 /* JotStrokeDelegate.h */; settings = {ATTRIBUTES = (Public, ); }; };
		66F1F1F418079BD700B8CE3B /* JotStrokeManager.h in Headers */ = {isa = PBXBuildFile; fileRef = 663C186F175467DB00706A05 /* JotStrokeManager.h */; settings = {ATTRIBUTES = (Public, ); }; };
		66F1F1F518079BD700B8CE3B /* JotImmutableStroke.h in Headers */ = {isa = PBXBuildFile; fileRef = 66AA82E1177611D800F26904 /* JotImmutableStroke.h */; settings = {ATTRIBUTES = (Public, ); }; };
		66F1F1F618079BD700B8CE3B /* SegmentSmoother.h in Headers */ = {isa = PBXBuildFile; fileRef = 669B39E11692B50500F12F42 /* SegmentSmoother.h */; settings = {ATTRIBUTES = (Public, ); }; };
		66F1F1F718079BD700B8CE3B /* AbstractBezierPathElement.h in Headers */ = {isa = PBXBuildFile; fileRef = 669B39D91692B50500F12F42 /* AbstractBezierPathElement.h */; settings = {ATTRIBUTES = (Public, ); }; };
		66F1F1F818079BD700B8CE3B /* AbstractBezierPathElement-Protected.h in Headers */ = {isa = PBXBuildFile; fileRef = 6695B6D0174D497B0069E61F /* AbstractBezierPathElement-Protected.h */; settings = {ATTRIBUTES = (Public, ); }; };
		66F1F1F918079BD700B8CE3B /* MoveToPathElement.h in Headers */ = {isa = PBXBuildFile; fileRef = 662B55CE16A9EAC30020CFC3 /* MoveToPathElement.h */; settings = {ATTRIBUTES = (Public, ); }; };
		66F1F1FA18079BD700B8CE3B /* CurveToPathElement.h in Headers */ = {isa = PBXBuildFile; fileRef = 669B39DB1692B50500F12F42 /* CurveToPathElement.h */; settings = {ATTRIBUTES = (Public, ); }; };
		66F1F1FB18079BD700B8CE3B /* JotViewState.h in Headers */ = {isa = PBXBuildFile; fileRef = 6622F9D11774E72400C06825 /* JotViewState.h */; settings = {ATTRIBUTES = (Public, ); }; };
		66F1F1FC18079BD700B8CE3B /* JotViewImmutableState.h in Headers */ = {isa = PBXBuildFile; fileRef = 66AA82E617761C2300F26904 /* JotViewImmutableState.h */; settings = {ATTRIBUTES = (Public, ); }; };
		66F1F1FD18079BD700B8CE3B /* JotView.h in Headers */ = {isa = PBXBuildFile; fileRef = 669B3A2F1692B68F00F12F42 /* JotView.h */; settings = {ATTRIBUTES = (Public, ); }; };
		66F1F1FE18079BD700B8CE3B /* MMWeakTimerTarget.h in Headers */ = {isa = PBXBuildFile; fileRef = 668E838317FCB27D003B00D3 /* MMWeakTimerTarget.h */; settings = {ATTRIBUTES = (Public, ); }; };
		66F1F1FF18079BD700B8CE3B /* JotViewDelegate.h in Headers */ = {isa = PBXBuildFile; fileRef = 669B3A971692BADA00F12F42 /* JotViewDelegate.h */; settings = {ATTRIBUTES = (Public, ); }; };
		66F1F20018079C6C00B8CE3B /* JotUI.h in Headers */ = {isa = PBXBuildFile; fileRef = 669B39F21692B52800F12F42 /* JotUI.h */; settings = {ATTRIBUTES = (Public, ); }; };
		C50C0D611C3C965300DFC079 /* JotGLColorlessPointProgram.h in Headers */ = {isa = PBXBuildFile; fileRef = C50C0D5F1C3C965300DFC079 /* JotGLColorlessPointProgram.h */; };
		C50C0D621C3C965300DFC079 /* JotGLColorlessPointProgram.m in Sources */ = {isa = PBXBuildFile; fileRef = C50C0D601C3C965300DFC079 /* JotGLColorlessPointProgram.m */; };
		C50C0D671C3C9FF400DFC079 /* JotGLColoredPointProgram.h in Headers */ = {isa = PBXBuildFile; fileRef = C50C0D651C3C9FF400DFC079 /* JotGLColoredPointProgram.h */; };
		C50C0D681C3C9FF400DFC079 /* JotGLColoredPointProgram.m in Sources */ = {isa = PBXBuildFile; fileRef = C50C0D661C3C9FF400DFC079 /* JotGLColoredPointProgram.m */; };
		C518C8761C841C1B00F1895C /* UIImage+BrushTextures.h in Headers */ = {isa = PBXBuildFile; fileRef = C518C8741C841C1B00F1895C /* UIImage+BrushTextures.h */; };
		C518C8771C841C1B00F1895C /* UIImage+BrushTextures.m in Sources */ = {isa = PBXBuildFile; fileRef = C518C8751C841C1B00F1895C /* UIImage+BrushTextures.m */; };
		C518C87A1C841E5500F1895C /* JotHighlighterBrushTexture.h in Headers */ = {isa = PBXBuildFile; fileRef = C518C8781C841E5500F1895C /* JotHighlighterBrushTexture.h */; settings = {ATTRIBUTES = (Public, ); }; };
		C518C87B1C841E5500F1895C /* JotHighlighterBrushTexture.m in Sources */ = {isa = PBXBuildFile; fileRef = C518C8791C841E5500F1895C /* JotHighlighterBrushTexture.m */; };
		C518C87D1C841F0700F1895C /* highlighter.png in Resources */ = {isa = PBXBuildFile; fileRef = C518C87C1C841F0700F1895C /* highlighter.png */; };
		C51F68701C3B7C3E003C046F /* JotGLProgram.h in Headers */ = {isa = PBXBuildFile; fileRef = C51F686E1C3B7C3E003C046F /* JotGLProgram.h */; settings = {ATTRIBUTES = (Public, ); }; };
		C51F68711C3B7C3E003C046F /* JotGLProgram.m in Sources */ = {isa = PBXBuildFile; fileRef = C51F686F1C3B7C3E003C046F /* JotGLProgram.m */; };
		C535AA5E1C3B98BD0032D688 /* JotGLQuadProgram.h in Headers */ = {isa = PBXBuildFile; fileRef = C535AA5C1C3B98BD0032D688 /* JotGLQuadProgram.h */; settings = {ATTRIBUTES = (Public, ); }; };
		C535AA5F1C3B98BD0032D688 /* JotGLQuadProgram.m in Sources */ = {isa = PBXBuildFile; fileRef = C535AA5D1C3B98BD0032D688 /* JotGLQuadProgram.m */; };
		C535AA631C3B99F10032D688 /* JotGLPointProgram.h in Headers */ = {isa = PBXBuildFile; fileRef = C535AA611C3B99F10032D688 /* JotGLPointProgram.h */; settings = {ATTRIBUTES = (Public, ); }; };
		C535AA641C3B99F10032D688 /* JotGLPointProgram.m in Sources */ = {isa = PBXBuildFile; fileRef = C535AA621C3B99F10032D688 /* JotGLPointProgram.m */; };
		C53F808F1D6FE73E00BA9A58 /* colorlesspoint.vsh in Resources */ = {isa = PBXBuildFile; fileRef = C53F808A1D6FE73E00BA9A58 /* colorlesspoint.vsh */; };
		C53F80901D6FE73E00BA9A58 /* coloredpoint.vsh in Resources */ = {isa = PBXBuildFile; fileRef = C53F808B1D6FE73E00BA9A58 /* coloredpoint.vsh */; };
		C53F80911D6FE73E00BA9A58 /* quad.vsh in Resources */ = {isa = PBXBuildFile; fileRef = C53F808C1D6FE73E00BA9A58 /* quad.vsh */; };
		C53F80921D6FE73E00BA9A58 /* quad.fsh in Resources */ = {isa = PBXBuildFile; fileRef = C53F808D1D6FE73E00BA9A58 /* quad.fsh */; };
		C53F80931D6FE73E00BA9A58 /* stencil.fsh in Resources */ = {isa = PBXBuildFile; fileRef = C53F808E1D6FE73E00BA9A58 /* stencil.fsh */; };
		C569DB341C38FF2800ABFEC8 /* JotGLTextureBackedFrameBuffer.m in Sources */ = {isa = PBXBuildFile; fileRef = 66455F91175FD8BF00C66DFA /* JotGLTextureBackedFrameBuffer.m */; };
		C584F8211C37B35400413840 /* point.fsh in Resources */ = {isa = PBXBuildFile; fileRef = C584F81F1C37B35400413840 /* point.fsh */; };
		C584F82B1C37B38C00413840 /* shaderUtil.c in Sources */ = {isa = PBXBuildFile; fileRef = C584F8261C37B38C00413840 /* shaderUtil.c */; };
		C5A5C4981DFE6E3100FD2555 /* MMDataCache.h in Headers */ = {isa = PBXBuildFile; fileRef = C5A5C4961DFE6E3100FD2555 /* MMDataCache.h */; };
		C5A5C4991DFE6E3100FD2555 /* MMDataCache.m in Sources */ = {isa = PBXBuildFile; fileRef = C5A5C4971DFE6E3100FD2555 /* MMDataCache.m */; };
		C5C5CC6D254F716700B6662F /* JotUITests.m in Sources */ = {isa = PBXBuildFile; fileRef = C5C5CC6C254F716700B6662F /* JotUITests.m */; };
		C5C5CC76254F717600B6662F /* JotUI.framework in Frameworks */ = {isa = PBXBuildFile; fileRef = 66AC155718079A71005315C8 /* JotUI.framework */; };
/* End PBXBuildFile section */

/* Begin PBXContainerItemProxy section */
		C5C5CC74254F717000B6662F /* PBXContainerItemProxy */ = {
			isa = PBXContainerItemProxy;
			containerPortal = 669B399C1692B46A00F12F42 /* Project object */;
			proxyType = 1;
			remoteGlobalIDString = 66AC155618079A71005315C8;
			remoteInfo = JotUI;
		};
/* End PBXContainerItemProxy section */

/* Begin PBXFileReference section */
		66018A4719F61F4400228A0D /* DeleteAssets.h */ = {isa = PBXFileReference; fileEncoding = 4; lastKnownFileType = sourcecode.c.h; path = DeleteAssets.h; sourceTree = "<group>"; };
		6622F9D11774E72400C06825 /* JotViewState.h */ = {isa = PBXFileReference; fileEncoding = 4; lastKnownFileType = sourcecode.c.h; path = JotViewState.h; sourceTree = "<group>"; };
		6622F9D21774E72400C06825 /* JotViewState.m */ = {isa = PBXFileReference; fileEncoding = 4; lastKnownFileType = sourcecode.c.objc; path = JotViewState.m; sourceTree = "<group>"; };
		662681F4179B73FA0039A75B /* JotBufferVBO.h */ = {isa = PBXFileReference; fileEncoding = 4; lastKnownFileType = sourcecode.c.h; path = JotBufferVBO.h; sourceTree = "<group>"; };
		662681F5179B73FA0039A75B /* JotBufferVBO.m */ = {isa = PBXFileReference; fileEncoding = 4; lastKnownFileType = sourcecode.c.objc; path = JotBufferVBO.m; sourceTree = "<group>"; };
		662B55CE16A9EAC30020CFC3 /* MoveToPathElement.h */ = {isa = PBXFileReference; fileEncoding = 4; lastKnownFileType = sourcecode.c.h; path = MoveToPathElement.h; sourceTree = "<group>"; };
		662B55CF16A9EAC30020CFC3 /* MoveToPathElement.m */ = {isa = PBXFileReference; fileEncoding = 4; lastKnownFileType = sourcecode.c.objc; path = MoveToPathElement.m; sourceTree = "<group>"; };
		66382CB116DD5DC40053C6E6 /* NSMutableSet+Extras.h */ = {isa = PBXFileReference; fileEncoding = 4; lastKnownFileType = sourcecode.c.h; path = "NSMutableSet+Extras.h"; sourceTree = "<group>"; };
		66382CB216DD5DC40053C6E6 /* NSMutableSet+Extras.m */ = {isa = PBXFileReference; fileEncoding = 4; lastKnownFileType = sourcecode.c.objc; path = "NSMutableSet+Extras.m"; sourceTree = "<group>"; };
		663C186F175467DB00706A05 /* JotStrokeManager.h */ = {isa = PBXFileReference; fileEncoding = 4; lastKnownFileType = sourcecode.c.h; path = JotStrokeManager.h; sourceTree = "<group>"; };
		663C1870175467DB00706A05 /* JotStrokeManager.m */ = {isa = PBXFileReference; fileEncoding = 4; lastKnownFileType = sourcecode.c.objc; path = JotStrokeManager.m; sourceTree = "<group>"; };
		663C1874175524EF00706A05 /* JotStrokeDelegate.h */ = {isa = PBXFileReference; lastKnownFileType = sourcecode.c.h; path = JotStrokeDelegate.h; sourceTree = "<group>"; };
		66455F8C175FC47200C66DFA /* JotGLTexture.h */ = {isa = PBXFileReference; fileEncoding = 4; lastKnownFileType = sourcecode.c.h; path = JotGLTexture.h; sourceTree = "<group>"; };
		66455F8D175FC47200C66DFA /* JotGLTexture.m */ = {isa = PBXFileReference; fileEncoding = 4; lastKnownFileType = sourcecode.c.objc; lineEnding = 0; path = JotGLTexture.m; sourceTree = "<group>"; xcLanguageSpecificationIdentifier = xcode.lang.objc; };
		66455F90175FD8BF00C66DFA /* JotGLTextureBackedFrameBuffer.h */ = {isa = PBXFileReference; fileEncoding = 4; lastKnownFileType = sourcecode.c.h; path = JotGLTextureBackedFrameBuffer.h; sourceTree = "<group>"; };
		66455F91175FD8BF00C66DFA /* JotGLTextureBackedFrameBuffer.m */ = {isa = PBXFileReference; fileEncoding = 4; lastKnownFileType = sourcecode.c.objc; lineEnding = 0; path = JotGLTextureBackedFrameBuffer.m; sourceTree = "<group>"; xcLanguageSpecificationIdentifier = xcode.lang.objc; };
		6648A52217F0E09000117ECB /* JotGLContext.h */ = {isa = PBXFileReference; fileEncoding = 4; lastKnownFileType = sourcecode.c.h; path = JotGLContext.h; sourceTree = "<group>"; };
		6648A52317F0E09000117ECB /* JotGLContext.m */ = {isa = PBXFileReference; fileEncoding = 4; lastKnownFileType = sourcecode.c.objc; lineEnding = 0; path = JotGLContext.m; sourceTree = "<group>"; xcLanguageSpecificationIdentifier = xcode.lang.objc; };
		6658ABCE1A7B1A1F00F32506 /* JotGLLayerBackedFrameBuffer.h */ = {isa = PBXFileReference; fileEncoding = 4; lastKnownFileType = sourcecode.c.h; path = JotGLLayerBackedFrameBuffer.h; sourceTree = "<group>"; };
		6658ABCF1A7B1A1F00F32506 /* JotGLLayerBackedFrameBuffer.m */ = {isa = PBXFileReference; fileEncoding = 4; lastKnownFileType = sourcecode.c.objc; path = JotGLLayerBackedFrameBuffer.m; sourceTree = "<group>"; };
		6658ABD21A7B1ED500F32506 /* AbstractJotGLFrameBuffer.h */ = {isa = PBXFileReference; fileEncoding = 4; lastKnownFileType = sourcecode.c.h; path = AbstractJotGLFrameBuffer.h; sourceTree = "<group>"; };
		6658ABD31A7B1ED500F32506 /* AbstractJotGLFrameBuffer.m */ = {isa = PBXFileReference; fileEncoding = 4; lastKnownFileType = sourcecode.c.objc; path = AbstractJotGLFrameBuffer.m; sourceTree = "<group>"; };
		66696F7D1828501B00B7442F /* JotViewStateProxy.h */ = {isa = PBXFileReference; fileEncoding = 4; lastKnownFileType = sourcecode.c.h; path = JotViewStateProxy.h; sourceTree = "<group>"; };
		66696F7E1828501B00B7442F /* JotViewStateProxy.m */ = {isa = PBXFileReference; fileEncoding = 4; lastKnownFileType = sourcecode.c.objc; path = JotViewStateProxy.m; sourceTree = "<group>"; };
		66696F811828505A00B7442F /* JotViewStateProxyDelegate.h */ = {isa = PBXFileReference; fileEncoding = 4; lastKnownFileType = sourcecode.c.h; path = JotViewStateProxyDelegate.h; sourceTree = "<group>"; };
		667C9F6C19FEF2C900708632 /* JotSharedBrushTexture.h */ = {isa = PBXFileReference; fileEncoding = 4; lastKnownFileType = sourcecode.c.h; path = JotSharedBrushTexture.h; sourceTree = "<group>"; };
		667C9F6D19FEF2C900708632 /* JotSharedBrushTexture.m */ = {isa = PBXFileReference; fileEncoding = 4; lastKnownFileType = sourcecode.c.objc; path = JotSharedBrushTexture.m; sourceTree = "<group>"; };
		667EC0391A01F4F60069FF33 /* JotDiskAssetManager.h */ = {isa = PBXFileReference; fileEncoding = 4; lastKnownFileType = sourcecode.c.h; path = JotDiskAssetManager.h; sourceTree = "<group>"; };
		667EC03A1A01F4F60069FF33 /* JotDiskAssetManager.m */ = {isa = PBXFileReference; fileEncoding = 4; lastKnownFileType = sourcecode.c.objc; path = JotDiskAssetManager.m; sourceTree = "<group>"; };
		667EC03E1A0206EE0069FF33 /* JotImageWriteOperation.h */ = {isa = PBXFileReference; fileEncoding = 4; lastKnownFileType = sourcecode.c.h; path = JotImageWriteOperation.h; sourceTree = "<group>"; };
		667EC03F1A0206EE0069FF33 /* JotImageWriteOperation.m */ = {isa = PBXFileReference; fileEncoding = 4; lastKnownFileType = sourcecode.c.objc; path = JotImageWriteOperation.m; sourceTree = "<group>"; };
		668D19E119F8652100A65DCF /* JotTextureCache.h */ = {isa = PBXFileReference; fileEncoding = 4; lastKnownFileType = sourcecode.c.h; path = JotTextureCache.h; sourceTree = "<group>"; };
		668D19E219F8652100A65DCF /* JotTextureCache.m */ = {isa = PBXFileReference; fileEncoding = 4; lastKnownFileType = sourcecode.c.objc; path = JotTextureCache.m; sourceTree = "<group>"; };
		668E838317FCB27D003B00D3 /* MMWeakTimerTarget.h */ = {isa = PBXFileReference; fileEncoding = 4; lastKnownFileType = sourcecode.c.h; path = MMWeakTimerTarget.h; sourceTree = "<group>"; };
		668E838417FCB27D003B00D3 /* MMWeakTimerTarget.m */ = {isa = PBXFileReference; fileEncoding = 4; lastKnownFileType = sourcecode.c.objc; path = MMWeakTimerTarget.m; sourceTree = "<group>"; };
		6691EED3179B7097007BBD15 /* JotBufferManager.h */ = {isa = PBXFileReference; fileEncoding = 4; lastKnownFileType = sourcecode.c.h; path = JotBufferManager.h; sourceTree = "<group>"; };
		6691EED4179B7097007BBD15 /* JotBufferManager.m */ = {isa = PBXFileReference; fileEncoding = 4; lastKnownFileType = sourcecode.c.objc; lineEnding = 0; path = JotBufferManager.m; sourceTree = "<group>"; xcLanguageSpecificationIdentifier = xcode.lang.objc; };
		6695B6D0174D497B0069E61F /* AbstractBezierPathElement-Protected.h */ = {isa = PBXFileReference; lastKnownFileType = sourcecode.c.h; path = "AbstractBezierPathElement-Protected.h"; sourceTree = "<group>"; };
		669B39AC1692B46A00F12F42 /* Foundation.framework */ = {isa = PBXFileReference; lastKnownFileType = wrapper.framework; name = Foundation.framework; path = System/Library/Frameworks/Foundation.framework; sourceTree = SDKROOT; };
		669B39B01692B46A00F12F42 /* JotUI-Info.plist */ = {isa = PBXFileReference; lastKnownFileType = text.plist.xml; path = "JotUI-Info.plist"; sourceTree = "<group>"; };
		669B39B21692B46A00F12F42 /* en */ = {isa = PBXFileReference; lastKnownFileType = text.plist.strings; name = en; path = en.lproj/InfoPlist.strings; sourceTree = "<group>"; };
		669B39B41692B46A00F12F42 /* JotUI-Prefix.pch */ = {isa = PBXFileReference; lastKnownFileType = sourcecode.c.h; path = "JotUI-Prefix.pch"; sourceTree = "<group>"; };
		669B39BB1692B46B00F12F42 /* SenTestingKit.framework */ = {isa = PBXFileReference; lastKnownFileType = wrapper.framework; name = SenTestingKit.framework; path = Library/Frameworks/SenTestingKit.framework; sourceTree = DEVELOPER_DIR; };
		669B39D91692B50500F12F42 /* AbstractBezierPathElement.h */ = {isa = PBXFileReference; fileEncoding = 4; lastKnownFileType = sourcecode.c.h; path = AbstractBezierPathElement.h; sourceTree = "<group>"; };
		669B39DA1692B50500F12F42 /* AbstractBezierPathElement.m */ = {isa = PBXFileReference; fileEncoding = 4; lastKnownFileType = sourcecode.c.objc; lineEnding = 0; path = AbstractBezierPathElement.m; sourceTree = "<group>"; xcLanguageSpecificationIdentifier = xcode.lang.objc; };
		669B39DB1692B50500F12F42 /* CurveToPathElement.h */ = {isa = PBXFileReference; fileEncoding = 4; lastKnownFileType = sourcecode.c.h; path = CurveToPathElement.h; sourceTree = "<group>"; };
		669B39DC1692B50500F12F42 /* CurveToPathElement.m */ = {isa = PBXFileReference; fileEncoding = 4; lastKnownFileType = sourcecode.c.objc; lineEnding = 0; path = CurveToPathElement.m; sourceTree = "<group>"; xcLanguageSpecificationIdentifier = xcode.lang.objc; };
		669B39E11692B50500F12F42 /* SegmentSmoother.h */ = {isa = PBXFileReference; fileEncoding = 4; lastKnownFileType = sourcecode.c.h; path = SegmentSmoother.h; sourceTree = "<group>"; };
		669B39E21692B50500F12F42 /* SegmentSmoother.m */ = {isa = PBXFileReference; fileEncoding = 4; lastKnownFileType = sourcecode.c.objc; path = SegmentSmoother.m; sourceTree = "<group>"; };
		669B39F21692B52800F12F42 /* JotUI.h */ = {isa = PBXFileReference; fileEncoding = 4; lastKnownFileType = sourcecode.c.h; path = JotUI.h; sourceTree = "<group>"; };
		669B3A2F1692B68F00F12F42 /* JotView.h */ = {isa = PBXFileReference; fileEncoding = 4; lastKnownFileType = sourcecode.c.h; path = JotView.h; sourceTree = "<group>"; };
		669B3A301692B68F00F12F42 /* JotView.m */ = {isa = PBXFileReference; explicitFileType = sourcecode.c.objc; fileEncoding = 4; path = JotView.m; sourceTree = "<group>"; };
		669B3A971692BADA00F12F42 /* JotViewDelegate.h */ = {isa = PBXFileReference; fileEncoding = 4; lastKnownFileType = sourcecode.c.h; path = JotViewDelegate.h; sourceTree = "<group>"; };
		66A32026170242D200692C71 /* UIKit.framework */ = {isa = PBXFileReference; lastKnownFileType = wrapper.framework; name = UIKit.framework; path = System/Library/Frameworks/UIKit.framework; sourceTree = SDKROOT; };
		66A340251694FF5E0093E81A /* UIColor+JotHelper.h */ = {isa = PBXFileReference; fileEncoding = 4; lastKnownFileType = sourcecode.c.h; path = "UIColor+JotHelper.h"; sourceTree = "<group>"; };
		66A340261694FF5E0093E81A /* UIColor+JotHelper.m */ = {isa = PBXFileReference; fileEncoding = 4; lastKnownFileType = sourcecode.c.objc; path = "UIColor+JotHelper.m"; sourceTree = "<group>"; };
		66A575A41B6D4CC700F599FC /* MMWeakTimer.h */ = {isa = PBXFileReference; fileEncoding = 4; lastKnownFileType = sourcecode.c.h; path = MMWeakTimer.h; sourceTree = "<group>"; };
		66A575A51B6D4CC700F599FC /* MMWeakTimer.m */ = {isa = PBXFileReference; fileEncoding = 4; lastKnownFileType = sourcecode.c.objc; path = MMWeakTimer.m; sourceTree = "<group>"; };
		66A575A91B6D536B00F599FC /* MMMainOperationQueue.h */ = {isa = PBXFileReference; fileEncoding = 4; lastKnownFileType = sourcecode.c.h; path = MMMainOperationQueue.h; sourceTree = "<group>"; };
		66A575AA1B6D536B00F599FC /* MMMainOperationQueue.m */ = {isa = PBXFileReference; fileEncoding = 4; lastKnownFileType = sourcecode.c.objc; path = MMMainOperationQueue.m; sourceTree = "<group>"; };
		66A64EF219FB5B8E0026305B /* NSMutableArray+RemoveSingle.h */ = {isa = PBXFileReference; fileEncoding = 4; lastKnownFileType = sourcecode.c.h; path = "NSMutableArray+RemoveSingle.h"; sourceTree = "<group>"; };
		66A64EF319FB5B8E0026305B /* NSMutableArray+RemoveSingle.m */ = {isa = PBXFileReference; fileEncoding = 4; lastKnownFileType = sourcecode.c.objc; path = "NSMutableArray+RemoveSingle.m"; sourceTree = "<group>"; };
		66A79017177251960092A28A /* JotTrashManager.h */ = {isa = PBXFileReference; fileEncoding = 4; lastKnownFileType = sourcecode.c.h; path = JotTrashManager.h; sourceTree = "<group>"; };
		66A79018177251960092A28A /* JotTrashManager.m */ = {isa = PBXFileReference; fileEncoding = 4; lastKnownFileType = sourcecode.c.objc; path = JotTrashManager.m; sourceTree = "<group>"; };
		66AA5FB6169E77180046CA26 /* JotStroke.h */ = {isa = PBXFileReference; fileEncoding = 4; lastKnownFileType = sourcecode.c.h; path = JotStroke.h; sourceTree = "<group>"; };
		66AA5FB7169E77180046CA26 /* JotStroke.m */ = {isa = PBXFileReference; fileEncoding = 4; lastKnownFileType = sourcecode.c.objc; lineEnding = 0; path = JotStroke.m; sourceTree = "<group>"; xcLanguageSpecificationIdentifier = xcode.lang.objc; };
		66AA82E1177611D800F26904 /* JotImmutableStroke.h */ = {isa = PBXFileReference; fileEncoding = 4; lastKnownFileType = sourcecode.c.h; path = JotImmutableStroke.h; sourceTree = "<group>"; };
		66AA82E2177611D800F26904 /* JotImmutableStroke.m */ = {isa = PBXFileReference; fileEncoding = 4; lastKnownFileType = sourcecode.c.objc; path = JotImmutableStroke.m; sourceTree = "<group>"; };
		66AA82E617761C2300F26904 /* JotViewImmutableState.h */ = {isa = PBXFileReference; fileEncoding = 4; lastKnownFileType = sourcecode.c.h; path = JotViewImmutableState.h; sourceTree = "<group>"; };
		66AA82E717761C2300F26904 /* JotViewImmutableState.m */ = {isa = PBXFileReference; fileEncoding = 4; lastKnownFileType = sourcecode.c.objc; path = JotViewImmutableState.m; sourceTree = "<group>"; };
		66AC155718079A71005315C8 /* JotUI.framework */ = {isa = PBXFileReference; explicitFileType = wrapper.framework.static; includeInIndex = 0; path = JotUI.framework; sourceTree = BUILT_PRODUCTS_DIR; };
		66B498801AA131D300D48094 /* JotGLTypes.h */ = {isa = PBXFileReference; fileEncoding = 4; lastKnownFileType = sourcecode.c.h; name = JotGLTypes.h; path = JotUI/JotGLTypes.h; sourceTree = "<group>"; };
		66B498821AA1481F00D48094 /* JotGLContext+Buffers.h */ = {isa = PBXFileReference; fileEncoding = 4; lastKnownFileType = sourcecode.c.h; path = "JotGLContext+Buffers.h"; sourceTree = "<group>"; };
		66B7E0501A0B4D94000797E4 /* UIScreen+PortraitBounds.h */ = {isa = PBXFileReference; fileEncoding = 4; lastKnownFileType = sourcecode.c.h; path = "UIScreen+PortraitBounds.h"; sourceTree = "<group>"; };
		66B7E0511A0B4D94000797E4 /* UIScreen+PortraitBounds.m */ = {isa = PBXFileReference; fileEncoding = 4; lastKnownFileType = sourcecode.c.objc; path = "UIScreen+PortraitBounds.m"; sourceTree = "<group>"; };
		66BF7F1F176675E0003F4F67 /* JotBrushTexture.h */ = {isa = PBXFileReference; fileEncoding = 4; lastKnownFileType = sourcecode.c.h; path = JotBrushTexture.h; sourceTree = "<group>"; };
		66BF7F20176675E0003F4F67 /* JotBrushTexture.m */ = {isa = PBXFileReference; fileEncoding = 4; lastKnownFileType = sourcecode.c.objc; path = JotBrushTexture.m; sourceTree = "<group>"; };
		66BF7F2317667663003F4F67 /* JotDefaultBrushTexture.h */ = {isa = PBXFileReference; fileEncoding = 4; lastKnownFileType = sourcecode.c.h; path = JotDefaultBrushTexture.h; sourceTree = "<group>"; };
		66BF7F2417667663003F4F67 /* JotDefaultBrushTexture.m */ = {isa = PBXFileReference; fileEncoding = 4; lastKnownFileType = sourcecode.c.objc; path = JotDefaultBrushTexture.m; sourceTree = "<group>"; };
		66BF7F2817667951003F4F67 /* PlistSaving.h */ = {isa = PBXFileReference; lastKnownFileType = sourcecode.c.h; path = PlistSaving.h; sourceTree = "<group>"; };
		66BF7F2A17667C19003F4F67 /* NSArray+JotMapReduce.h */ = {isa = PBXFileReference; fileEncoding = 4; lastKnownFileType = sourcecode.c.h; path = "NSArray+JotMapReduce.h"; sourceTree = "<group>"; };
		66BF7F2B17667C19003F4F67 /* NSArray+JotMapReduce.m */ = {isa = PBXFileReference; fileEncoding = 4; lastKnownFileType = sourcecode.c.objc; path = "NSArray+JotMapReduce.m"; sourceTree = "<group>"; };
		66BF7F2E1766D133003F4F67 /* UIImage+Resize.h */ = {isa = PBXFileReference; fileEncoding = 4; lastKnownFileType = sourcecode.c.h; path = "UIImage+Resize.h"; sourceTree = "<group>"; };
		66BF7F2F1766D133003F4F67 /* UIImage+Resize.m */ = {isa = PBXFileReference; fileEncoding = 4; lastKnownFileType = sourcecode.c.objc; path = "UIImage+Resize.m"; sourceTree = "<group>"; };
		66BF7F321766D220003F4F67 /* UIImage+RoundedCorner.h */ = {isa = PBXFileReference; fileEncoding = 4; lastKnownFileType = sourcecode.c.h; path = "UIImage+RoundedCorner.h"; sourceTree = "<group>"; };
		66BF7F331766D220003F4F67 /* UIImage+RoundedCorner.m */ = {isa = PBXFileReference; fileEncoding = 4; lastKnownFileType = sourcecode.c.objc; path = "UIImage+RoundedCorner.m"; sourceTree = "<group>"; };
		66BF7F341766D220003F4F67 /* UIImage+Alpha.h */ = {isa = PBXFileReference; fileEncoding = 4; lastKnownFileType = sourcecode.c.h; path = "UIImage+Alpha.h"; sourceTree = "<group>"; };
		66BF7F351766D220003F4F67 /* UIImage+Alpha.m */ = {isa = PBXFileReference; fileEncoding = 4; lastKnownFileType = sourcecode.c.objc; path = "UIImage+Alpha.m"; sourceTree = "<group>"; };
		66C6AAE518A2E4D50036F4BB /* JotFilledPathStroke.h */ = {isa = PBXFileReference; fileEncoding = 4; lastKnownFileType = sourcecode.c.h; path = JotFilledPathStroke.h; sourceTree = "<group>"; };
		66C6AAE618A2E4D50036F4BB /* JotFilledPathStroke.m */ = {isa = PBXFileReference; fileEncoding = 4; lastKnownFileType = sourcecode.c.objc; path = JotFilledPathStroke.m; sourceTree = "<group>"; };
		66C6AAE918A2E78E0036F4BB /* FilledPathElement.h */ = {isa = PBXFileReference; fileEncoding = 4; lastKnownFileType = sourcecode.c.h; path = FilledPathElement.h; sourceTree = "<group>"; };
		66C6AAEA18A2E78E0036F4BB /* FilledPathElement.m */ = {isa = PBXFileReference; fileEncoding = 4; lastKnownFileType = sourcecode.c.objc; path = FilledPathElement.m; sourceTree = "<group>"; };
		66D9827F17B1679400007732 /* OpenGLVBO.h */ = {isa = PBXFileReference; fileEncoding = 4; lastKnownFileType = sourcecode.c.h; path = OpenGLVBO.h; sourceTree = "<group>"; };
		66D9828017B1679400007732 /* OpenGLVBO.m */ = {isa = PBXFileReference; fileEncoding = 4; lastKnownFileType = sourcecode.c.objc; path = OpenGLVBO.m; sourceTree = "<group>"; };
		C50C0D5F1C3C965300DFC079 /* JotGLColorlessPointProgram.h */ = {isa = PBXFileReference; fileEncoding = 4; lastKnownFileType = sourcecode.c.h; path = JotGLColorlessPointProgram.h; sourceTree = "<group>"; };
		C50C0D601C3C965300DFC079 /* JotGLColorlessPointProgram.m */ = {isa = PBXFileReference; fileEncoding = 4; lastKnownFileType = sourcecode.c.objc; path = JotGLColorlessPointProgram.m; sourceTree = "<group>"; };
		C50C0D651C3C9FF400DFC079 /* JotGLColoredPointProgram.h */ = {isa = PBXFileReference; fileEncoding = 4; lastKnownFileType = sourcecode.c.h; path = JotGLColoredPointProgram.h; sourceTree = "<group>"; };
		C50C0D661C3C9FF400DFC079 /* JotGLColoredPointProgram.m */ = {isa = PBXFileReference; fileEncoding = 4; lastKnownFileType = sourcecode.c.objc; path = JotGLColoredPointProgram.m; sourceTree = "<group>"; };
		C518C8741C841C1B00F1895C /* UIImage+BrushTextures.h */ = {isa = PBXFileReference; fileEncoding = 4; lastKnownFileType = sourcecode.c.h; path = "UIImage+BrushTextures.h"; sourceTree = "<group>"; };
		C518C8751C841C1B00F1895C /* UIImage+BrushTextures.m */ = {isa = PBXFileReference; fileEncoding = 4; lastKnownFileType = sourcecode.c.objc; path = "UIImage+BrushTextures.m"; sourceTree = "<group>"; };
		C518C8781C841E5500F1895C /* JotHighlighterBrushTexture.h */ = {isa = PBXFileReference; fileEncoding = 4; lastKnownFileType = sourcecode.c.h; path = JotHighlighterBrushTexture.h; sourceTree = "<group>"; };
		C518C8791C841E5500F1895C /* JotHighlighterBrushTexture.m */ = {isa = PBXFileReference; fileEncoding = 4; lastKnownFileType = sourcecode.c.objc; path = JotHighlighterBrushTexture.m; sourceTree = "<group>"; };
		C518C87C1C841F0700F1895C /* highlighter.png */ = {isa = PBXFileReference; lastKnownFileType = image.png; path = highlighter.png; sourceTree = "<group>"; };
		C51F686E1C3B7C3E003C046F /* JotGLProgram.h */ = {isa = PBXFileReference; fileEncoding = 4; lastKnownFileType = sourcecode.c.h; path = JotGLProgram.h; sourceTree = "<group>"; };
		C51F686F1C3B7C3E003C046F /* JotGLProgram.m */ = {isa = PBXFileReference; fileEncoding = 4; lastKnownFileType = sourcecode.c.objc; path = JotGLProgram.m; sourceTree = "<group>"; };
		C535AA5C1C3B98BD0032D688 /* JotGLQuadProgram.h */ = {isa = PBXFileReference; fileEncoding = 4; lastKnownFileType = sourcecode.c.h; path = JotGLQuadProgram.h; sourceTree = "<group>"; };
		C535AA5D1C3B98BD0032D688 /* JotGLQuadProgram.m */ = {isa = PBXFileReference; fileEncoding = 4; lastKnownFileType = sourcecode.c.objc; path = JotGLQuadProgram.m; sourceTree = "<group>"; };
		C535AA601C3B99580032D688 /* JotGLProgram+Private.h */ = {isa = PBXFileReference; lastKnownFileType = sourcecode.c.h; path = "JotGLProgram+Private.h"; sourceTree = "<group>"; };
		C535AA611C3B99F10032D688 /* JotGLPointProgram.h */ = {isa = PBXFileReference; fileEncoding = 4; lastKnownFileType = sourcecode.c.h; path = JotGLPointProgram.h; sourceTree = "<group>"; };
		C535AA621C3B99F10032D688 /* JotGLPointProgram.m */ = {isa = PBXFileReference; fileEncoding = 4; lastKnownFileType = sourcecode.c.objc; path = JotGLPointProgram.m; sourceTree = "<group>"; };
		C53F808A1D6FE73E00BA9A58 /* colorlesspoint.vsh */ = {isa = PBXFileReference; fileEncoding = 4; lastKnownFileType = sourcecode.glsl; name = colorlesspoint.vsh; path = JotUI/colorlesspoint.vsh; sourceTree = "<group>"; };
		C53F808B1D6FE73E00BA9A58 /* coloredpoint.vsh */ = {isa = PBXFileReference; fileEncoding = 4; lastKnownFileType = sourcecode.glsl; name = coloredpoint.vsh; path = JotUI/coloredpoint.vsh; sourceTree = "<group>"; };
		C53F808C1D6FE73E00BA9A58 /* quad.vsh */ = {isa = PBXFileReference; fileEncoding = 4; lastKnownFileType = sourcecode.glsl; name = quad.vsh; path = JotUI/quad.vsh; sourceTree = "<group>"; };
		C53F808D1D6FE73E00BA9A58 /* quad.fsh */ = {isa = PBXFileReference; fileEncoding = 4; lastKnownFileType = sourcecode.glsl; name = quad.fsh; path = JotUI/quad.fsh; sourceTree = "<group>"; };
		C53F808E1D6FE73E00BA9A58 /* stencil.fsh */ = {isa = PBXFileReference; fileEncoding = 4; lastKnownFileType = sourcecode.glsl; name = stencil.fsh; path = JotUI/stencil.fsh; sourceTree = "<group>"; };
		C569DB331C38FE2300ABFEC8 /* JotGLTextureBackedFrameBuffer+Private.h */ = {isa = PBXFileReference; lastKnownFileType = sourcecode.c.h; path = "JotGLTextureBackedFrameBuffer+Private.h"; sourceTree = "<group>"; };
		C569DB351C39132200ABFEC8 /* JotGLTexture+Private.h */ = {isa = PBXFileReference; lastKnownFileType = sourcecode.c.h; path = "JotGLTexture+Private.h"; sourceTree = "<group>"; };
		C584F81F1C37B35400413840 /* point.fsh */ = {isa = PBXFileReference; fileEncoding = 4; lastKnownFileType = sourcecode.glsl; name = point.fsh; path = JotUI/point.fsh; sourceTree = "<group>"; };
		C584F8221C37B38C00413840 /* debug.h */ = {isa = PBXFileReference; fileEncoding = 4; lastKnownFileType = sourcecode.c.h; path = debug.h; sourceTree = "<group>"; };
		C584F8251C37B38C00413840 /* shaderUtil.h */ = {isa = PBXFileReference; fileEncoding = 4; lastKnownFileType = sourcecode.c.h; path = shaderUtil.h; sourceTree = "<group>"; };
		C584F8261C37B38C00413840 /* shaderUtil.c */ = {isa = PBXFileReference; fileEncoding = 4; lastKnownFileType = sourcecode.c.c; path = shaderUtil.c; sourceTree = "<group>"; };
		C584F82D1C37B46B00413840 /* GLKit.framework */ = {isa = PBXFileReference; lastKnownFileType = wrapper.framework; name = GLKit.framework; path = System/Library/Frameworks/GLKit.framework; sourceTree = SDKROOT; };
		C5A5C4961DFE6E3100FD2555 /* MMDataCache.h */ = {isa = PBXFileReference; fileEncoding = 4; lastKnownFileType = sourcecode.c.h; path = MMDataCache.h; sourceTree = "<group>"; };
		C5A5C4971DFE6E3100FD2555 /* MMDataCache.m */ = {isa = PBXFileReference; fileEncoding = 4; lastKnownFileType = sourcecode.c.objc; path = MMDataCache.m; sourceTree = "<group>"; };
		C5C5CC6A254F716700B6662F /* JotUITests.xctest */ = {isa = PBXFileReference; explicitFileType = wrapper.cfbundle; includeInIndex = 0; path = JotUITests.xctest; sourceTree = BUILT_PRODUCTS_DIR; };
		C5C5CC6C254F716700B6662F /* JotUITests.m */ = {isa = PBXFileReference; lastKnownFileType = sourcecode.c.objc; path = JotUITests.m; sourceTree = "<group>"; };
		C5C5CC6E254F716700B6662F /* Info.plist */ = {isa = PBXFileReference; lastKnownFileType = text.plist.xml; path = Info.plist; sourceTree = "<group>"; };
/* End PBXFileReference section */

/* Begin PBXFrameworksBuildPhase section */
		66AC155118079A71005315C8 /* Frameworks */ = {
			isa = PBXFrameworksBuildPhase;
			buildActionMask = 2147483647;
			files = (
				66AC157D18079B35005315C8 /* UIKit.framework in Frameworks */,
				66AC155818079A72005315C8 /* Foundation.framework in Frameworks */,
			);
			runOnlyForDeploymentPostprocessing = 0;
		};
		C5C5CC67254F716700B6662F /* Frameworks */ = {
			isa = PBXFrameworksBuildPhase;
			buildActionMask = 2147483647;
			files = (
				C5C5CC76254F717600B6662F /* JotUI.framework in Frameworks */,
			);
			runOnlyForDeploymentPostprocessing = 0;
		};
/* End PBXFrameworksBuildPhase section */

/* Begin PBXGroup section */
		66455F8B175FC45600C66DFA /* OpenGL */ = {
			isa = PBXGroup;
			children = (
				C535AA5B1C3B97720032D688 /* Shaders */,
				66455F8C175FC47200C66DFA /* JotGLTexture.h */,
				C569DB351C39132200ABFEC8 /* JotGLTexture+Private.h */,
				66455F8D175FC47200C66DFA /* JotGLTexture.m */,
				6648A52217F0E09000117ECB /* JotGLContext.h */,
				66B498821AA1481F00D48094 /* JotGLContext+Buffers.h */,
				6648A52317F0E09000117ECB /* JotGLContext.m */,
				6658ABD21A7B1ED500F32506 /* AbstractJotGLFrameBuffer.h */,
				6658ABD31A7B1ED500F32506 /* AbstractJotGLFrameBuffer.m */,
				66455F90175FD8BF00C66DFA /* JotGLTextureBackedFrameBuffer.h */,
				C569DB331C38FE2300ABFEC8 /* JotGLTextureBackedFrameBuffer+Private.h */,
				66455F91175FD8BF00C66DFA /* JotGLTextureBackedFrameBuffer.m */,
				6658ABCE1A7B1A1F00F32506 /* JotGLLayerBackedFrameBuffer.h */,
				6658ABCF1A7B1A1F00F32506 /* JotGLLayerBackedFrameBuffer.m */,
			);
			name = OpenGL;
			sourceTree = "<group>";
		};
		667EC03D1A0206C50069FF33 /* Disk Asset Manager */ = {
			isa = PBXGroup;
			children = (
				667EC0391A01F4F60069FF33 /* JotDiskAssetManager.h */,
				667EC03A1A01F4F60069FF33 /* JotDiskAssetManager.m */,
				667EC03E1A0206EE0069FF33 /* JotImageWriteOperation.h */,
				667EC03F1A0206EE0069FF33 /* JotImageWriteOperation.m */,
			);
			name = "Disk Asset Manager";
			sourceTree = "<group>";
		};
		669B399A1692B46A00F12F42 = {
			isa = PBXGroup;
			children = (
				66B498801AA131D300D48094 /* JotGLTypes.h */,
				669B39F21692B52800F12F42 /* JotUI.h */,
				C573539C1D90891100398008 /* Resources To Copy */,
				669B39AE1692B46A00F12F42 /* JotUI */,
				C5C5CC6B254F716700B6662F /* JotUITests */,
				669B39AB1692B46A00F12F42 /* Frameworks */,
				669B39AA1692B46A00F12F42 /* Products */,
			);
			sourceTree = "<group>";
		};
		669B39AA1692B46A00F12F42 /* Products */ = {
			isa = PBXGroup;
			children = (
				66AC155718079A71005315C8 /* JotUI.framework */,
				C5C5CC6A254F716700B6662F /* JotUITests.xctest */,
			);
			name = Products;
			sourceTree = "<group>";
		};
		669B39AB1692B46A00F12F42 /* Frameworks */ = {
			isa = PBXGroup;
			children = (
				C584F82D1C37B46B00413840 /* GLKit.framework */,
				66A32026170242D200692C71 /* UIKit.framework */,
				669B39AC1692B46A00F12F42 /* Foundation.framework */,
				669B39BB1692B46B00F12F42 /* SenTestingKit.framework */,
			);
			name = Frameworks;
			sourceTree = "<group>";
		};
		669B39AE1692B46A00F12F42 /* JotUI */ = {
			isa = PBXGroup;
			children = (
				C5A5C4961DFE6E3100FD2555 /* MMDataCache.h */,
				C5A5C4971DFE6E3100FD2555 /* MMDataCache.m */,
				66A340241694FF480093E81A /* Categories */,
				669B3A2E1692B66B00F12F42 /* Classes */,
				669B39AF1692B46A00F12F42 /* Supporting Files */,
			);
			path = JotUI;
			sourceTree = "<group>";
		};
		669B39AF1692B46A00F12F42 /* Supporting Files */ = {
			isa = PBXGroup;
			children = (
				C584F81D1C37B34A00413840 /* Shaders */,
				669B39B01692B46A00F12F42 /* JotUI-Info.plist */,
				669B39B11692B46A00F12F42 /* InfoPlist.strings */,
				669B39B41692B46A00F12F42 /* JotUI-Prefix.pch */,
			);
			name = "Supporting Files";
			sourceTree = "<group>";
		};
		669B3A2D1692B65100F12F42 /* Smoothing Helpers */ = {
			isa = PBXGroup;
			children = (
				669B39E11692B50500F12F42 /* SegmentSmoother.h */,
				669B39E21692B50500F12F42 /* SegmentSmoother.m */,
				669B39D91692B50500F12F42 /* AbstractBezierPathElement.h */,
				6695B6D0174D497B0069E61F /* AbstractBezierPathElement-Protected.h */,
				669B39DA1692B50500F12F42 /* AbstractBezierPathElement.m */,
				662B55CE16A9EAC30020CFC3 /* MoveToPathElement.h */,
				662B55CF16A9EAC30020CFC3 /* MoveToPathElement.m */,
				669B39DB1692B50500F12F42 /* CurveToPathElement.h */,
				669B39DC1692B50500F12F42 /* CurveToPathElement.m */,
				66C6AAE918A2E78E0036F4BB /* FilledPathElement.h */,
				66C6AAEA18A2E78E0036F4BB /* FilledPathElement.m */,
			);
			name = "Smoothing Helpers";
			sourceTree = "<group>";
		};
		669B3A2E1692B66B00F12F42 /* Classes */ = {
			isa = PBXGroup;
			children = (
				66A575A81B6D533000F599FC /* MMMainOperationQueue */,
				66A575A31B6D4CB600F599FC /* WeakTimer */,
				66A790161772516F0092A28A /* Managers */,
				66BF7F2717667940003F4F67 /* Plist */,
				66BF7F1E176675CE003F4F67 /* Brush Texture */,
				66455F8B175FC45600C66DFA /* OpenGL */,
				66AA5FB4169E76FF0046CA26 /* Stroke */,
				669B3A2D1692B65100F12F42 /* Smoothing Helpers */,
				66AA82E517761BBF00F26904 /* State */,
				669B3A2F1692B68F00F12F42 /* JotView.h */,
				669B3A301692B68F00F12F42 /* JotView.m */,
				669B3A971692BADA00F12F42 /* JotViewDelegate.h */,
			);
			name = Classes;
			sourceTree = "<group>";
		};
		66A340241694FF480093E81A /* Categories */ = {
			isa = PBXGroup;
			children = (
				66B7E0501A0B4D94000797E4 /* UIScreen+PortraitBounds.h */,
				66B7E0511A0B4D94000797E4 /* UIScreen+PortraitBounds.m */,
				66BF7F2E1766D133003F4F67 /* UIImage+Resize.h */,
				66BF7F2F1766D133003F4F67 /* UIImage+Resize.m */,
				66BF7F321766D220003F4F67 /* UIImage+RoundedCorner.h */,
				66BF7F331766D220003F4F67 /* UIImage+RoundedCorner.m */,
				66BF7F341766D220003F4F67 /* UIImage+Alpha.h */,
				66BF7F351766D220003F4F67 /* UIImage+Alpha.m */,
				66382CB116DD5DC40053C6E6 /* NSMutableSet+Extras.h */,
				66382CB216DD5DC40053C6E6 /* NSMutableSet+Extras.m */,
				66A340251694FF5E0093E81A /* UIColor+JotHelper.h */,
				66A340261694FF5E0093E81A /* UIColor+JotHelper.m */,
				66BF7F2A17667C19003F4F67 /* NSArray+JotMapReduce.h */,
				66BF7F2B17667C19003F4F67 /* NSArray+JotMapReduce.m */,
				66A64EF219FB5B8E0026305B /* NSMutableArray+RemoveSingle.h */,
				66A64EF319FB5B8E0026305B /* NSMutableArray+RemoveSingle.m */,
			);
			name = Categories;
			sourceTree = "<group>";
		};
		66A575A31B6D4CB600F599FC /* WeakTimer */ = {
			isa = PBXGroup;
			children = (
				668E838317FCB27D003B00D3 /* MMWeakTimerTarget.h */,
				668E838417FCB27D003B00D3 /* MMWeakTimerTarget.m */,
				66A575A41B6D4CC700F599FC /* MMWeakTimer.h */,
				66A575A51B6D4CC700F599FC /* MMWeakTimer.m */,
			);
			name = WeakTimer;
			sourceTree = "<group>";
		};
		66A575A81B6D533000F599FC /* MMMainOperationQueue */ = {
			isa = PBXGroup;
			children = (
				66A575A91B6D536B00F599FC /* MMMainOperationQueue.h */,
				66A575AA1B6D536B00F599FC /* MMMainOperationQueue.m */,
			);
			name = MMMainOperationQueue;
			sourceTree = "<group>";
		};
		66A790161772516F0092A28A /* Managers */ = {
			isa = PBXGroup;
			children = (
				667EC03D1A0206C50069FF33 /* Disk Asset Manager */,
				668D19E119F8652100A65DCF /* JotTextureCache.h */,
				668D19E219F8652100A65DCF /* JotTextureCache.m */,
				66A79017177251960092A28A /* JotTrashManager.h */,
				66A79018177251960092A28A /* JotTrashManager.m */,
				6691EED3179B7097007BBD15 /* JotBufferManager.h */,
				6691EED4179B7097007BBD15 /* JotBufferManager.m */,
				662681F4179B73FA0039A75B /* JotBufferVBO.h */,
				662681F5179B73FA0039A75B /* JotBufferVBO.m */,
				66D9827F17B1679400007732 /* OpenGLVBO.h */,
				66D9828017B1679400007732 /* OpenGLVBO.m */,
				66018A4719F61F4400228A0D /* DeleteAssets.h */,
			);
			name = Managers;
			sourceTree = "<group>";
		};
		66AA5FB4169E76FF0046CA26 /* Stroke */ = {
			isa = PBXGroup;
			children = (
				66AA5FB6169E77180046CA26 /* JotStroke.h */,
				66AA5FB7169E77180046CA26 /* JotStroke.m */,
				66C6AAE518A2E4D50036F4BB /* JotFilledPathStroke.h */,
				66C6AAE618A2E4D50036F4BB /* JotFilledPathStroke.m */,
				663C1874175524EF00706A05 /* JotStrokeDelegate.h */,
				663C186F175467DB00706A05 /* JotStrokeManager.h */,
				663C1870175467DB00706A05 /* JotStrokeManager.m */,
				66AA82E1177611D800F26904 /* JotImmutableStroke.h */,
				66AA82E2177611D800F26904 /* JotImmutableStroke.m */,
			);
			name = Stroke;
			sourceTree = "<group>";
		};
		66AA82E517761BBF00F26904 /* State */ = {
			isa = PBXGroup;
			children = (
				6622F9D11774E72400C06825 /* JotViewState.h */,
				6622F9D21774E72400C06825 /* JotViewState.m */,
				66696F7D1828501B00B7442F /* JotViewStateProxy.h */,
				66696F7E1828501B00B7442F /* JotViewStateProxy.m */,
				66696F811828505A00B7442F /* JotViewStateProxyDelegate.h */,
				66AA82E617761C2300F26904 /* JotViewImmutableState.h */,
				66AA82E717761C2300F26904 /* JotViewImmutableState.m */,
			);
			name = State;
			sourceTree = "<group>";
		};
		66BF7F1E176675CE003F4F67 /* Brush Texture */ = {
			isa = PBXGroup;
			children = (
				C518C87C1C841F0700F1895C /* highlighter.png */,
				66BF7F1F176675E0003F4F67 /* JotBrushTexture.h */,
				66BF7F20176675E0003F4F67 /* JotBrushTexture.m */,
				667C9F6C19FEF2C900708632 /* JotSharedBrushTexture.h */,
				667C9F6D19FEF2C900708632 /* JotSharedBrushTexture.m */,
				66BF7F2317667663003F4F67 /* JotDefaultBrushTexture.h */,
				66BF7F2417667663003F4F67 /* JotDefaultBrushTexture.m */,
				C518C8781C841E5500F1895C /* JotHighlighterBrushTexture.h */,
				C518C8791C841E5500F1895C /* JotHighlighterBrushTexture.m */,
				C518C8741C841C1B00F1895C /* UIImage+BrushTextures.h */,
				C518C8751C841C1B00F1895C /* UIImage+BrushTextures.m */,
			);
			name = "Brush Texture";
			sourceTree = "<group>";
		};
		66BF7F2717667940003F4F67 /* Plist */ = {
			isa = PBXGroup;
			children = (
				66BF7F2817667951003F4F67 /* PlistSaving.h */,
			);
			name = Plist;
			sourceTree = "<group>";
		};
		C50C0D631C3C965700DFC079 /* Quad */ = {
			isa = PBXGroup;
			children = (
				C535AA5C1C3B98BD0032D688 /* JotGLQuadProgram.h */,
				C535AA5D1C3B98BD0032D688 /* JotGLQuadProgram.m */,
			);
			name = Quad;
			sourceTree = "<group>";
		};
		C50C0D641C3C965F00DFC079 /* Point */ = {
			isa = PBXGroup;
			children = (
				C535AA611C3B99F10032D688 /* JotGLPointProgram.h */,
				C535AA621C3B99F10032D688 /* JotGLPointProgram.m */,
				C50C0D5F1C3C965300DFC079 /* JotGLColorlessPointProgram.h */,
				C50C0D601C3C965300DFC079 /* JotGLColorlessPointProgram.m */,
				C50C0D651C3C9FF400DFC079 /* JotGLColoredPointProgram.h */,
				C50C0D661C3C9FF400DFC079 /* JotGLColoredPointProgram.m */,
			);
			name = Point;
			sourceTree = "<group>";
		};
		C535AA5B1C3B97720032D688 /* Shaders */ = {
			isa = PBXGroup;
			children = (
				C51F686E1C3B7C3E003C046F /* JotGLProgram.h */,
				C535AA601C3B99580032D688 /* JotGLProgram+Private.h */,
				C51F686F1C3B7C3E003C046F /* JotGLProgram.m */,
				C50C0D641C3C965F00DFC079 /* Point */,
				C50C0D631C3C965700DFC079 /* Quad */,
			);
			name = Shaders;
			sourceTree = "<group>";
		};
		C573539C1D90891100398008 /* Resources To Copy */ = {
			isa = PBXGroup;
			children = (
				C53F808A1D6FE73E00BA9A58 /* colorlesspoint.vsh */,
				C53F808B1D6FE73E00BA9A58 /* coloredpoint.vsh */,
				C53F808C1D6FE73E00BA9A58 /* quad.vsh */,
				C53F808D1D6FE73E00BA9A58 /* quad.fsh */,
				C53F808E1D6FE73E00BA9A58 /* stencil.fsh */,
				C584F81F1C37B35400413840 /* point.fsh */,
			);
			name = "Resources To Copy";
			sourceTree = "<group>";
		};
		C584F81D1C37B34A00413840 /* Shaders */ = {
			isa = PBXGroup;
			children = (
				C584F8221C37B38C00413840 /* debug.h */,
				C584F8251C37B38C00413840 /* shaderUtil.h */,
				C584F8261C37B38C00413840 /* shaderUtil.c */,
			);
			name = Shaders;
			sourceTree = "<group>";
		};
		C5C5CC6B254F716700B6662F /* JotUITests */ = {
			isa = PBXGroup;
			children = (
				C5C5CC6C254F716700B6662F /* JotUITests.m */,
				C5C5CC6E254F716700B6662F /* Info.plist */,
			);
			path = JotUITests;
			sourceTree = "<group>";
		};
/* End PBXGroup section */

/* Begin PBXHeadersBuildPhase section */
		66AC155218079A71005315C8 /* Headers */ = {
			isa = PBXHeadersBuildPhase;
			buildActionMask = 2147483647;
			files = (
				66F1F20018079C6C00B8CE3B /* JotUI.h in Headers */,
				66F1F1E218079BD700B8CE3B /* UIImage+Resize.h in Headers */,
				C50C0D611C3C965300DFC079 /* JotGLColorlessPointProgram.h in Headers */,
				66F1F1E318079BD700B8CE3B /* UIImage+RoundedCorner.h in Headers */,
				66F1F1E418079BD700B8CE3B /* UIImage+Alpha.h in Headers */,
				66F1F1E518079BD700B8CE3B /* NSMutableSet+Extras.h in Headers */,
				66F1F1E618079BD700B8CE3B /* UIColor+JotHelper.h in Headers */,
				66F1F1E718079BD700B8CE3B /* NSArray+JotMapReduce.h in Headers */,
				66C6AAE718A2E4D50036F4BB /* JotFilledPathStroke.h in Headers */,
				66F1F1E818079BD700B8CE3B /* JotTrashManager.h in Headers */,
				66F1F1E918079BD700B8CE3B /* JotBufferManager.h in Headers */,
				C50C0D671C3C9FF400DFC079 /* JotGLColoredPointProgram.h in Headers */,
				66F1F1EA18079BD700B8CE3B /* JotBufferVBO.h in Headers */,
				66F1F1EB18079BD700B8CE3B /* OpenGLVBO.h in Headers */,
				66F1F1EC18079BD700B8CE3B /* PlistSaving.h in Headers */,
				C518C8761C841C1B00F1895C /* UIImage+BrushTextures.h in Headers */,
				66F1F1ED18079BD700B8CE3B /* JotBrushTexture.h in Headers */,
				66F1F1EE18079BD700B8CE3B /* JotDefaultBrushTexture.h in Headers */,
				66F1F1EF18079BD700B8CE3B /* JotGLTexture.h in Headers */,
				667C9F6E19FEF2C900708632 /* JotSharedBrushTexture.h in Headers */,
				66F1F1F118079BD700B8CE3B /* JotGLContext.h in Headers */,
				66F1F1F218079BD700B8CE3B /* JotStroke.h in Headers */,
				66F1F1F318079BD700B8CE3B /* JotStrokeDelegate.h in Headers */,
				66F1F1F418079BD700B8CE3B /* JotStrokeManager.h in Headers */,
				66F1F1F518079BD700B8CE3B /* JotImmutableStroke.h in Headers */,
				66F1F1F618079BD700B8CE3B /* SegmentSmoother.h in Headers */,
				66F1F1F718079BD700B8CE3B /* AbstractBezierPathElement.h in Headers */,
				66A64EF419FB5B8E0026305B /* NSMutableArray+RemoveSingle.h in Headers */,
				66F1F1F818079BD700B8CE3B /* AbstractBezierPathElement-Protected.h in Headers */,
				66F1F1F918079BD700B8CE3B /* MoveToPathElement.h in Headers */,
				66F1F1FA18079BD700B8CE3B /* CurveToPathElement.h in Headers */,
				66F1F1FC18079BD700B8CE3B /* JotViewImmutableState.h in Headers */,
				66F1F1FD18079BD700B8CE3B /* JotView.h in Headers */,
				6658ABD01A7B1A1F00F32506 /* JotGLLayerBackedFrameBuffer.h in Headers */,
				66696F7F1828501B00B7442F /* JotViewStateProxy.h in Headers */,
				667EC03B1A01F4F60069FF33 /* JotDiskAssetManager.h in Headers */,
				66C6AAEB18A2E78E0036F4BB /* FilledPathElement.h in Headers */,
				66B498831AA1481F00D48094 /* JotGLContext+Buffers.h in Headers */,
				66B498811AA131D300D48094 /* JotGLTypes.h in Headers */,
				66A575AB1B6D536B00F599FC /* MMMainOperationQueue.h in Headers */,
				66F1F1F018079BD700B8CE3B /* JotGLTextureBackedFrameBuffer.h in Headers */,
				C51F68701C3B7C3E003C046F /* JotGLProgram.h in Headers */,
				C518C87A1C841E5500F1895C /* JotHighlighterBrushTexture.h in Headers */,
				C535AA631C3B99F10032D688 /* JotGLPointProgram.h in Headers */,
				66A575A61B6D4CC700F599FC /* MMWeakTimer.h in Headers */,
				C535AA5E1C3B98BD0032D688 /* JotGLQuadProgram.h in Headers */,
				6658ABD41A7B1ED500F32506 /* AbstractJotGLFrameBuffer.h in Headers */,
				66B7E0521A0B4D94000797E4 /* UIScreen+PortraitBounds.h in Headers */,
				66018A4819F61F4400228A0D /* DeleteAssets.h in Headers */,
				667EC0401A0206EE0069FF33 /* JotImageWriteOperation.h in Headers */,
				668D19E319F8652100A65DCF /* JotTextureCache.h in Headers */,
				C5A5C4981DFE6E3100FD2555 /* MMDataCache.h in Headers */,
				66F1F1FE18079BD700B8CE3B /* MMWeakTimerTarget.h in Headers */,
				66F1F1FB18079BD700B8CE3B /* JotViewState.h in Headers */,
				66696F821828505A00B7442F /* JotViewStateProxyDelegate.h in Headers */,
				66F1F1FF18079BD700B8CE3B /* JotViewDelegate.h in Headers */,
			);
			runOnlyForDeploymentPostprocessing = 0;
		};
/* End PBXHeadersBuildPhase section */

/* Begin PBXNativeTarget section */
		66AC155618079A71005315C8 /* JotUI */ = {
			isa = PBXNativeTarget;
			buildConfigurationList = 66AC156018079A72005315C8 /* Build configuration list for PBXNativeTarget "JotUI" */;
			buildPhases = (
				66AC154F18079A71005315C8 /* Prepare Build Script */,
				66AC155018079A71005315C8 /* Sources */,
				66AC155118079A71005315C8 /* Frameworks */,
				66AC155218079A71005315C8 /* Headers */,
				66AC155318079A71005315C8 /* Resources */,
				66AC155418079A71005315C8 /* Process Headers Script */,
				66AC155518079A71005315C8 /* Build Framework Script */,
			);
			buildRules = (
			);
			dependencies = (
			);
			name = JotUI;
			productName = JotUI;
			productReference = 66AC155718079A71005315C8 /* JotUI.framework */;
			productType = "com.apple.product-type.framework.static";
		};
		C5C5CC69254F716700B6662F /* JotUITests */ = {
			isa = PBXNativeTarget;
			buildConfigurationList = C5C5CC71254F716700B6662F /* Build configuration list for PBXNativeTarget "JotUITests" */;
			buildPhases = (
				C5C5CC66254F716700B6662F /* Sources */,
				C5C5CC67254F716700B6662F /* Frameworks */,
				C5C5CC68254F716700B6662F /* Resources */,
			);
			buildRules = (
			);
			dependencies = (
				C5C5CC75254F717000B6662F /* PBXTargetDependency */,
			);
			name = JotUITests;
			productName = JotUITests;
			productReference = C5C5CC6A254F716700B6662F /* JotUITests.xctest */;
			productType = "com.apple.product-type.bundle.unit-test";
		};
/* End PBXNativeTarget section */

/* Begin PBXProject section */
		669B399C1692B46A00F12F42 /* Project object */ = {
			isa = PBXProject;
			attributes = {
				LastTestingUpgradeCheck = 0510;
				LastUpgradeCheck = 1010;
				ORGANIZATIONNAME = "Milestone Made";
				TargetAttributes = {
					C5C5CC69254F716700B6662F = {
						CreatedOnToolsVersion = 12.2;
						DevelopmentTeam = MU27A4SCKC;
						ProvisioningStyle = Automatic;
					};
				};
			};
			buildConfigurationList = 669B399F1692B46A00F12F42 /* Build configuration list for PBXProject "JotUI" */;
			compatibilityVersion = "Xcode 3.2";
			developmentRegion = English;
			hasScannedForEncodings = 0;
			knownRegions = (
				English,
				en,
			);
			mainGroup = 669B399A1692B46A00F12F42;
			productRefGroup = 669B39AA1692B46A00F12F42 /* Products */;
			projectDirPath = "";
			projectRoot = "";
			targets = (
				66AC155618079A71005315C8 /* JotUI */,
				C5C5CC69254F716700B6662F /* JotUITests */,
			);
		};
/* End PBXProject section */

/* Begin PBXResourcesBuildPhase section */
		66AC155318079A71005315C8 /* Resources */ = {
			isa = PBXResourcesBuildPhase;
			buildActionMask = 2147483647;
			files = (
				C584F8211C37B35400413840 /* point.fsh in Resources */,
				C53F80911D6FE73E00BA9A58 /* quad.vsh in Resources */,
				C53F80901D6FE73E00BA9A58 /* coloredpoint.vsh in Resources */,
				C53F80931D6FE73E00BA9A58 /* stencil.fsh in Resources */,
				C518C87D1C841F0700F1895C /* highlighter.png in Resources */,
				C53F80921D6FE73E00BA9A58 /* quad.fsh in Resources */,
				C53F808F1D6FE73E00BA9A58 /* colorlesspoint.vsh in Resources */,
			);
			runOnlyForDeploymentPostprocessing = 0;
		};
		C5C5CC68254F716700B6662F /* Resources */ = {
			isa = PBXResourcesBuildPhase;
			buildActionMask = 2147483647;
			files = (
			);
			runOnlyForDeploymentPostprocessing = 0;
		};
/* End PBXResourcesBuildPhase section */

/* Begin PBXShellScriptBuildPhase section */
		66AC154F18079A71005315C8 /* Prepare Build Script */ = {
			isa = PBXShellScriptBuildPhase;
			buildActionMask = 2147483647;
			files = (
			);
			inputPaths = (
			);
			name = "Prepare Build Script";
			outputPaths = (
			);
			runOnlyForDeploymentPostprocessing = 0;
			shellPath = /bin/sh;
			shellScript = "set -e\n\nset +u\nif [[ $UFW_MASTER_SCRIPT_RUNNING ]]\nthen\n    # Nothing for the slave script to do\n    exit 0\nfi\nset -u\n\nif [[ \"$SDK_NAME\" =~ ([A-Za-z]+) ]]\nthen\n    UFW_SDK_PLATFORM=${BASH_REMATCH[1]}\nelse\n    echo \"Could not find platform name from SDK_NAME: $SDK_NAME\"\n    exit 1\nfi\n\nif [[ \"$SDK_NAME\" =~ ([0-9]+.*$) ]]\nthen\n\tUFW_SDK_VERSION=${BASH_REMATCH[1]}\nelse\n    echo \"Could not find sdk version  from SDK_NAME: $SDK_NAME\"\n    exit 1\nfi\n\nif [[ \"$UFW_SDK_PLATFORM\" = \"iphoneos\" ]]\nthen\n    UFW_OTHER_PLATFORM=iphonesimulator\nelse\n    UFW_OTHER_PLATFORM=iphoneos\nfi\n\nif [[ \"$BUILT_PRODUCTS_DIR\" =~ (.*)$UFW_SDK_PLATFORM$ ]]\nthen\n    UFW_OTHER_BUILT_PRODUCTS_DIR=\"${BASH_REMATCH[1]}${UFW_OTHER_PLATFORM}\"\nelse\n    echo \"Could not find $UFW_SDK_PLATFORM in $BUILT_PRODUCTS_DIR\"\n    exit 1\nfi\n\nONLY_ACTIVE_PLATFORM=${ONLY_ACTIVE_PLATFORM:-$ONLY_ACTIVE_ARCH}\n\n# Short-circuit if all binaries are up to date\n\nif [[ -f \"${BUILT_PRODUCTS_DIR}/${EXECUTABLE_PATH}\" ]] && \\\n   [[ -f \"${BUILT_PRODUCTS_DIR}/${PRODUCT_NAME}.embeddedframework/${EXECUTABLE_PATH}\" ]] && \\\n   [[ ! \"${BUILT_PRODUCTS_DIR}/${EXECUTABLE_PATH}\" -nt \"${BUILT_PRODUCTS_DIR}/${PRODUCT_NAME}.embeddedframework/${EXECUTABLE_PATH}\" ]] && \\\n  ([[ \"${ONLY_ACTIVE_PLATFORM}\" == \"YES\" ]] || \\\n    ([[ -f \"${UFW_OTHER_BUILT_PRODUCTS_DIR}/${EXECUTABLE_PATH}\" ]] && \\\n     [[ -f \"${UFW_OTHER_BUILT_PRODUCTS_DIR}/${PRODUCT_NAME}.embeddedframework/${EXECUTABLE_PATH}\" ]] && \\\n     [[ ! \"${UFW_OTHER_BUILT_PRODUCTS_DIR}/${EXECUTABLE_PATH}\" -nt \"${UFW_OTHER_BUILT_PRODUCTS_DIR}/${PRODUCT_NAME}.embeddedframework/${EXECUTABLE_PATH}\" ]]\n    )\n  )\nthen\n    exit 0\nfi\n\n\n# Clean other platform if needed\n\nif [[ ! -f \"${BUILT_PRODUCTS_DIR}/${EXECUTABLE_PATH}\" ]] && [[ \"${ONLY_ACTIVE_PLATFORM}\" != \"YES\" ]]\nthen\n\techo \"Platform \\\"$UFW_SDK_PLATFORM\\\" was cleaned recently. Cleaning \\\"$UFW_OTHER_PLATFORM\\\" as well\"\n\techo xcodebuild -project \"${PROJECT_FILE_PATH}\" -target \"${TARGET_NAME}\" -configuration \"${CONFIGURATION}\" -sdk ${UFW_OTHER_PLATFORM}${UFW_SDK_VERSION} BUILD_DIR=\"${BUILD_DIR}\" CONFIGURATION_TEMP_DIR=\"${PROJECT_TEMP_DIR}/${CONFIGURATION}-${UFW_OTHER_PLATFORM}\" clean\n\txcodebuild -project \"${PROJECT_FILE_PATH}\" -target \"${TARGET_NAME}\" -configuration \"${CONFIGURATION}\" -sdk ${UFW_OTHER_PLATFORM}${UFW_SDK_VERSION} BUILD_DIR=\"${BUILD_DIR}\" CONFIGURATION_TEMP_DIR=\"${PROJECT_TEMP_DIR}/${CONFIGURATION}-${UFW_OTHER_PLATFORM}\" clean\nfi\n\n\n# Make sure we are building from fresh binaries\n\nrm -rf \"${BUILT_PRODUCTS_DIR}/${EXECUTABLE_PATH}\"\nrm -rf \"${BUILT_PRODUCTS_DIR}/${PRODUCT_NAME}.embeddedframework\"\n\nif [[ \"${ONLY_ACTIVE_PLATFORM}\" != \"YES\" ]]\nthen\n    rm -rf \"${UFW_OTHER_BUILT_PRODUCTS_DIR}/${EXECUTABLE_PATH}\"\n    rm -rf \"${UFW_OTHER_BUILT_PRODUCTS_DIR}/${PRODUCT_NAME}.embeddedframework\"\nfi\n";
		};
		66AC155418079A71005315C8 /* Process Headers Script */ = {
			isa = PBXShellScriptBuildPhase;
			buildActionMask = 2147483647;
			files = (
			);
			inputPaths = (
			);
			name = "Process Headers Script";
			outputPaths = (
			);
			runOnlyForDeploymentPostprocessing = 0;
			shellPath = /bin/sh;
			shellScript = "HEADERS_ROOT=$SRCROOT/$PRODUCT_NAME\nFRAMEWORK_HEADERS_DIR=\"$BUILT_PRODUCTS_DIR/$WRAPPER_NAME/Versions/$FRAMEWORK_VERSION/Headers\"\n\n## only header files expected at this point\nPUBLIC_HEADERS=$(find $FRAMEWORK_HEADERS_DIR/. -not -type d 2> /dev/null | sed -e \"s@.*/@@g\")\n\nFIND_OPTS=\"\"\nfor PUBLIC_HEADER in $PUBLIC_HEADERS; do\n  if [ -n \"$FIND_OPTS\" ]; then\n    FIND_OPTS=\"$FIND_OPTS -o\"\n  fi\n  FIND_OPTS=\"$FIND_OPTS -name '$PUBLIC_HEADER'\"\ndone\n\nif [ -n \"$FIND_OPTS\" ]; then\n  for ORIG_HEADER in $(eval \"find $HEADERS_ROOT/. $FIND_OPTS\" 2> /dev/null | sed -e \"s@^$HEADERS_ROOT/./@@g\"); do\n    PUBLIC_HEADER=$(basename $ORIG_HEADER)\n    RELATIVE_PATH=$(dirname $ORIG_HEADER)\n    if [ -e $FRAMEWORK_HEADERS_DIR/$PUBLIC_HEADER ]; then\n      mkdir -p \"$FRAMEWORK_HEADERS_DIR/$RELATIVE_PATH\"\n      mv \"$FRAMEWORK_HEADERS_DIR/$PUBLIC_HEADER\" \"$FRAMEWORK_HEADERS_DIR/$RELATIVE_PATH/$PUBLIC_HEADER\"\n    fi\n  done\nfi\n";
		};
		66AC155518079A71005315C8 /* Build Framework Script */ = {
			isa = PBXShellScriptBuildPhase;
			buildActionMask = 2147483647;
			files = (
			);
			inputPaths = (
			);
			name = "Build Framework Script";
			outputPaths = (
			);
			runOnlyForDeploymentPostprocessing = 0;
			shellPath = /bin/sh;
			shellScript = "\nset -e\n\nset +u\nif [[ $UFW_MASTER_SCRIPT_RUNNING ]]\nthen\n# Nothing for the slave script to do\nexit 0\nfi\nset -u\nexport UFW_MASTER_SCRIPT_RUNNING=1\n\n\n# Functions\n\n## List files in the specified directory, storing to the specified array.\n#\n# @param $1 The path to list\n# @param $2 The name of the array to fill\n#\n##\nlist_files ()\n{\n    filelist=$(ls \"$1\")\n    while read line\n    do\n    eval \"$2[\\${#$2[*]}]=\\\"\\$line\\\"\"\n    done <<< \"$filelist\"\n}\n\n\n# Sanity check\n\nif [[ ! -f \"${BUILT_PRODUCTS_DIR}/${EXECUTABLE_PATH}\" ]]\nthen\necho \"Framework target \\\"${TARGET_NAME}\\\" had no source files to build from. Make sure your source files have the correct target membership\"\nexit 1\nfi\n\necho \"Target Executable: ${BUILT_PRODUCTS_DIR}/${EXECUTABLE_PATH}\"\n\n\n# Gather information\n\nif [[ \"$SDK_NAME\" =~ ([A-Za-z]+) ]]\nthen\nUFW_SDK_PLATFORM=${BASH_REMATCH[1]}\nelse\necho \"Could not find platform name from SDK_NAME: $SDK_NAME\"\nexit 1\nfi\n\nif [[ \"$SDK_NAME\" =~ ([0-9]+.*$) ]]\nthen\nUFW_SDK_VERSION=${BASH_REMATCH[1]}\nelse\necho \"Could not find sdk version from SDK_NAME: $SDK_NAME\"\nexit 1\nfi\n\nif [[ \"$UFW_SDK_PLATFORM\" = \"iphoneos\" ]]\nthen\nUFW_OTHER_PLATFORM=iphonesimulator\nelse\nUFW_OTHER_PLATFORM=iphoneos\nfi\n\nif [[ \"$BUILT_PRODUCTS_DIR\" =~ (.*)$UFW_SDK_PLATFORM$ ]]\nthen\nUFW_OTHER_BUILT_PRODUCTS_DIR=\"${BASH_REMATCH[1]}${UFW_OTHER_PLATFORM}\"\nelse\necho \"Could not find $UFW_SDK_PLATFORM in $BUILT_PRODUCTS_DIR\"\nexit 1\nfi\n\nONLY_ACTIVE_PLATFORM=${ONLY_ACTIVE_PLATFORM:-$ONLY_ACTIVE_ARCH}\n\n# Short-circuit if all binaries are up to date.\n# We already checked the other platform in the prerun script.\n\nif [[ -f \"${BUILT_PRODUCTS_DIR}/${PRODUCT_NAME}.framework/${PRODUCT_NAME}\" ]] && [[ -f \"${BUILT_PRODUCTS_DIR}/${PRODUCT_NAME}.embeddedframework/${PRODUCT_NAME}\" ]] && [[ ! \"${BUILT_PRODUCTS_DIR}/${PRODUCT_NAME}.framework/${PRODUCT_NAME}\" -nt \"${BUILT_PRODUCTS_DIR}/${PRODUCT_NAME}.embeddedframework/${PRODUCT_NAME}\" ]]\nthen\nexit 0\nfi\n\nif [ \"${ONLY_ACTIVE_PLATFORM}\" == \"YES\" ]\nthen\necho \"ONLY_ACTIVE_PLATFORM=${ONLY_ACTIVE_PLATFORM}: Skipping other platform build\"\nelse\n# Make sure the other platform gets built\n\necho \"Build other platform\"\n\necho xcodebuild -project \"${PROJECT_FILE_PATH}\" -target \"${TARGET_NAME}\" -configuration \"${CONFIGURATION}\" -sdk ${UFW_OTHER_PLATFORM}${UFW_SDK_VERSION} BUILD_DIR=\"${BUILD_DIR}\" CONFIGURATION_TEMP_DIR=\"${PROJECT_TEMP_DIR}/${CONFIGURATION}-${UFW_OTHER_PLATFORM}\" $ACTION\nxcodebuild -project \"${PROJECT_FILE_PATH}\" -target \"${TARGET_NAME}\" -configuration \"${CONFIGURATION}\" -sdk ${UFW_OTHER_PLATFORM}${UFW_SDK_VERSION} BUILD_DIR=\"${BUILD_DIR}\" CONFIGURATION_TEMP_DIR=\"${PROJECT_TEMP_DIR}/${CONFIGURATION}-${UFW_OTHER_PLATFORM}\" $ACTION\n\n\n# Build the fat static library binary\n\necho \"Create universal static library\"\n\necho \"$PLATFORM_DEVELOPER_BIN_DIR/libtool\" -static \"${BUILT_PRODUCTS_DIR}/${EXECUTABLE_PATH}\" \"${UFW_OTHER_BUILT_PRODUCTS_DIR}/${EXECUTABLE_PATH}\" -o \"${BUILT_PRODUCTS_DIR}/${EXECUTABLE_PATH}.temp\"\n\"$PLATFORM_DEVELOPER_BIN_DIR/libtool\" -static \"${BUILT_PRODUCTS_DIR}/${EXECUTABLE_PATH}\" \"${UFW_OTHER_BUILT_PRODUCTS_DIR}/${EXECUTABLE_PATH}\" -o \"${BUILT_PRODUCTS_DIR}/${EXECUTABLE_PATH}.temp\"\n\necho mv \"${BUILT_PRODUCTS_DIR}/${EXECUTABLE_PATH}.temp\" \"${BUILT_PRODUCTS_DIR}/${PRODUCT_NAME}\"\nmv \"${BUILT_PRODUCTS_DIR}/${EXECUTABLE_PATH}.temp\" \"${BUILT_PRODUCTS_DIR}/${PRODUCT_NAME}\"\nfi\n\n# Move executable to product name location\n\necho \"Moving Executable\"\necho \"${BUILT_PRODUCTS_DIR}/${EXECUTABLE_PATH}\"\necho \"to\"\necho \"${BUILT_PRODUCTS_DIR}/${PRODUCT_NAME}.framework/${PRODUCT_NAME}\"\n\nmv \"${BUILT_PRODUCTS_DIR}/${EXECUTABLE_PATH}\" \"${BUILT_PRODUCTS_DIR}/${PRODUCT_NAME}.framework/${PRODUCT_NAME}\"\n\n# Build embedded framework structure\n\necho \"Build Embedded Framework\"\n\necho rm -rf \"${BUILT_PRODUCTS_DIR}/${PRODUCT_NAME}.embeddedframework\"\nrm -rf \"${BUILT_PRODUCTS_DIR}/${PRODUCT_NAME}.embeddedframework\"\necho mkdir -p \"${BUILT_PRODUCTS_DIR}/${PRODUCT_NAME}.embeddedframework/Resources\"\nmkdir -p \"${BUILT_PRODUCTS_DIR}/${PRODUCT_NAME}.embeddedframework/Resources\"\necho cp -a \"${BUILT_PRODUCTS_DIR}/${WRAPPER_NAME}\" \"${BUILT_PRODUCTS_DIR}/${PRODUCT_NAME}.embeddedframework/\"\ncp -a \"${BUILT_PRODUCTS_DIR}/${WRAPPER_NAME}\" \"${BUILT_PRODUCTS_DIR}/${PRODUCT_NAME}.embeddedframework/\"\n\ndeclare -a UFW_FILE_LIST\nlist_files \"${BUILT_PRODUCTS_DIR}/${UNLOCALIZED_RESOURCES_FOLDER_PATH}\" UFW_FILE_LIST\nfor filename in \"${UFW_FILE_LIST[@]}\"\ndo\nif [[ \"${filename}\" != \"Info.plist\" ]] && [[ ! \"${filename}\" =~ .*\\.lproj$ ]]\nthen\necho ln -sfh \"../${WRAPPER_NAME}/Resources/${filename}\" \"${BUILT_PRODUCTS_DIR}/${PRODUCT_NAME}.embeddedframework/Resources/${filename}\"\nln -sfh \"../${WRAPPER_NAME}/Resources/${filename}\" \"${BUILT_PRODUCTS_DIR}/${PRODUCT_NAME}.embeddedframework/Resources/${filename}\"\nfi\ndone\n\n\nif [ \"${ONLY_ACTIVE_PLATFORM}\" != \"YES\" ]\nthen\n# Replace other platform's framework with a copy of this one (so that both have the same universal binary)\n\necho \"Copy from $UFW_SDK_PLATFORM to $UFW_OTHER_PLATFORM\"\n\necho rm -rf \"${BUILD_DIR}/${CONFIGURATION}-${UFW_OTHER_PLATFORM}\"\nrm -rf \"${BUILD_DIR}/${CONFIGURATION}-${UFW_OTHER_PLATFORM}\"\necho cp -a \"${BUILD_DIR}/${CONFIGURATION}-${UFW_SDK_PLATFORM}\" \"${BUILD_DIR}/${CONFIGURATION}-${UFW_OTHER_PLATFORM}\"\ncp -a \"${BUILD_DIR}/${CONFIGURATION}-${UFW_SDK_PLATFORM}\" \"${BUILD_DIR}/${CONFIGURATION}-${UFW_OTHER_PLATFORM}\"\nfi\n";
		};
/* End PBXShellScriptBuildPhase section */

/* Begin PBXSourcesBuildPhase section */
		66AC155018079A71005315C8 /* Sources */ = {
			isa = PBXSourcesBuildPhase;
			buildActionMask = 2147483647;
			files = (
				6658ABD11A7B1A1F00F32506 /* JotGLLayerBackedFrameBuffer.m in Sources */,
				66A64EF519FB5B8E0026305B /* NSMutableArray+RemoveSingle.m in Sources */,
				66AC156318079B27005315C8 /* UIImage+Resize.m in Sources */,
				66AC156418079B27005315C8 /* UIImage+RoundedCorner.m in Sources */,
				C569DB341C38FF2800ABFEC8 /* JotGLTextureBackedFrameBuffer.m in Sources */,
				667EC0411A0206EE0069FF33 /* JotImageWriteOperation.m in Sources */,
				66AC156518079B27005315C8 /* UIImage+Alpha.m in Sources */,
				66AC156618079B27005315C8 /* NSMutableSet+Extras.m in Sources */,
				66AC156718079B27005315C8 /* UIColor+JotHelper.m in Sources */,
				66696F801828501B00B7442F /* JotViewStateProxy.m in Sources */,
				66AC156818079B27005315C8 /* NSArray+JotMapReduce.m in Sources */,
				66AC156918079B27005315C8 /* JotTrashManager.m in Sources */,
				C535AA641C3B99F10032D688 /* JotGLPointProgram.m in Sources */,
				66AC156A18079B27005315C8 /* JotBufferManager.m in Sources */,
				66AC156B18079B27005315C8 /* JotBufferVBO.m in Sources */,
				66B7E0531A0B4D94000797E4 /* UIScreen+PortraitBounds.m in Sources */,
				667C9F6F19FEF2C900708632 /* JotSharedBrushTexture.m in Sources */,
				66AC156C18079B27005315C8 /* OpenGLVBO.m in Sources */,
				6658ABD51A7B1ED500F32506 /* AbstractJotGLFrameBuffer.m in Sources */,
				C50C0D681C3C9FF400DFC079 /* JotGLColoredPointProgram.m in Sources */,
				66AC156D18079B27005315C8 /* JotBrushTexture.m in Sources */,
				66AC156E18079B27005315C8 /* JotDefaultBrushTexture.m in Sources */,
				66AC156F18079B27005315C8 /* JotGLTexture.m in Sources */,
				C51F68711C3B7C3E003C046F /* JotGLProgram.m in Sources */,
				66AC157118079B27005315C8 /* JotGLContext.m in Sources */,
				667EC03C1A01F4F60069FF33 /* JotDiskAssetManager.m in Sources */,
				C584F82B1C37B38C00413840 /* shaderUtil.c in Sources */,
				66AC157218079B27005315C8 /* JotStroke.m in Sources */,
				C50C0D621C3C965300DFC079 /* JotGLColorlessPointProgram.m in Sources */,
				66AC157318079B27005315C8 /* JotStrokeManager.m in Sources */,
				66AC157418079B27005315C8 /* JotImmutableStroke.m in Sources */,
				C518C8771C841C1B00F1895C /* UIImage+BrushTextures.m in Sources */,
				66AC157518079B27005315C8 /* SegmentSmoother.m in Sources */,
				C535AA5F1C3B98BD0032D688 /* JotGLQuadProgram.m in Sources */,
				66AC157618079B27005315C8 /* AbstractBezierPathElement.m in Sources */,
				66AC157718079B27005315C8 /* MoveToPathElement.m in Sources */,
				66AC157818079B27005315C8 /* CurveToPathElement.m in Sources */,
				66AC157918079B27005315C8 /* JotViewState.m in Sources */,
				66A575A71B6D4CC700F599FC /* MMWeakTimer.m in Sources */,
				C518C87B1C841E5500F1895C /* JotHighlighterBrushTexture.m in Sources */,
				66A575AC1B6D536B00F599FC /* MMMainOperationQueue.m in Sources */,
				66AC157A18079B27005315C8 /* JotViewImmutableState.m in Sources */,
				66AC157B18079B27005315C8 /* JotView.m in Sources */,
				668D19E419F8652100A65DCF /* JotTextureCache.m in Sources */,
				C5A5C4991DFE6E3100FD2555 /* MMDataCache.m in Sources */,
				66C6AAE818A2E4D50036F4BB /* JotFilledPathStroke.m in Sources */,
				66AC157C18079B27005315C8 /* MMWeakTimerTarget.m in Sources */,
				66C6AAEC18A2E78E0036F4BB /* FilledPathElement.m in Sources */,
			);
			runOnlyForDeploymentPostprocessing = 0;
		};
		C5C5CC66254F716700B6662F /* Sources */ = {
			isa = PBXSourcesBuildPhase;
			buildActionMask = 2147483647;
			files = (
				C5C5CC6D254F716700B6662F /* JotUITests.m in Sources */,
			);
			runOnlyForDeploymentPostprocessing = 0;
		};
/* End PBXSourcesBuildPhase section */

/* Begin PBXTargetDependency section */
		C5C5CC75254F717000B6662F /* PBXTargetDependency */ = {
			isa = PBXTargetDependency;
			target = 66AC155618079A71005315C8 /* JotUI */;
			targetProxy = C5C5CC74254F717000B6662F /* PBXContainerItemProxy */;
		};
/* End PBXTargetDependency section */

/* Begin PBXVariantGroup section */
		669B39B11692B46A00F12F42 /* InfoPlist.strings */ = {
			isa = PBXVariantGroup;
			children = (
				669B39B21692B46A00F12F42 /* en */,
			);
			name = InfoPlist.strings;
			sourceTree = "<group>";
		};
/* End PBXVariantGroup section */

/* Begin XCBuildConfiguration section */
		669B39CE1692B46B00F12F42 /* Debug */ = {
			isa = XCBuildConfiguration;
			buildSettings = {
				ALWAYS_SEARCH_USER_PATHS = NO;
				CLANG_CXX_LANGUAGE_STANDARD = "gnu++0x";
				CLANG_CXX_LIBRARY = "libc++";
				CLANG_ENABLE_OBJC_ARC = YES;
				CLANG_WARN_BLOCK_CAPTURE_AUTORELEASING = YES;
				CLANG_WARN_BOOL_CONVERSION = YES;
				CLANG_WARN_COMMA = YES;
				CLANG_WARN_CONSTANT_CONVERSION = YES;
				CLANG_WARN_DEPRECATED_OBJC_IMPLEMENTATIONS = YES;
				CLANG_WARN_EMPTY_BODY = YES;
				CLANG_WARN_ENUM_CONVERSION = YES;
				CLANG_WARN_INFINITE_RECURSION = YES;
				CLANG_WARN_INT_CONVERSION = YES;
				CLANG_WARN_NON_LITERAL_NULL_CONVERSION = YES;
				CLANG_WARN_OBJC_IMPLICIT_RETAIN_SELF = YES;
				CLANG_WARN_OBJC_LITERAL_CONVERSION = YES;
				CLANG_WARN_RANGE_LOOP_ANALYSIS = YES;
				CLANG_WARN_STRICT_PROTOTYPES = YES;
				CLANG_WARN_SUSPICIOUS_MOVE = YES;
				CLANG_WARN_UNREACHABLE_CODE = YES;
				CLANG_WARN__DUPLICATE_METHOD_MATCH = YES;
				COPY_PHASE_STRIP = NO;
				ENABLE_BITCODE = NO;
				ENABLE_STRICT_OBJC_MSGSEND = YES;
				ENABLE_TESTABILITY = YES;
				GCC_C_LANGUAGE_STANDARD = gnu99;
				GCC_DYNAMIC_NO_PIC = NO;
				GCC_NO_COMMON_BLOCKS = YES;
				GCC_OPTIMIZATION_LEVEL = 0;
				GCC_PREPROCESSOR_DEFINITIONS = (
					"DEBUG=1",
					"$(inherited)",
				);
				GCC_SYMBOLS_PRIVATE_EXTERN = NO;
				GCC_WARN_64_TO_32_BIT_CONVERSION = YES;
				GCC_WARN_ABOUT_RETURN_TYPE = YES;
				GCC_WARN_UNDECLARED_SELECTOR = YES;
				GCC_WARN_UNINITIALIZED_AUTOS = YES;
				GCC_WARN_UNUSED_FUNCTION = YES;
				GCC_WARN_UNUSED_VARIABLE = YES;
				IPHONEOS_DEPLOYMENT_TARGET = 8.0;
				SDKROOT = iphoneos;
				STRIP_INSTALLED_PRODUCT = NO;
			};
			name = Debug;
		};
		669B39CF1692B46B00F12F42 /* Release */ = {
			isa = XCBuildConfiguration;
			buildSettings = {
				ALWAYS_SEARCH_USER_PATHS = NO;
				CLANG_CXX_LANGUAGE_STANDARD = "gnu++0x";
				CLANG_CXX_LIBRARY = "libc++";
				CLANG_ENABLE_OBJC_ARC = YES;
				CLANG_WARN_BLOCK_CAPTURE_AUTORELEASING = YES;
				CLANG_WARN_BOOL_CONVERSION = YES;
				CLANG_WARN_COMMA = YES;
				CLANG_WARN_CONSTANT_CONVERSION = YES;
				CLANG_WARN_DEPRECATED_OBJC_IMPLEMENTATIONS = YES;
				CLANG_WARN_EMPTY_BODY = YES;
				CLANG_WARN_ENUM_CONVERSION = YES;
				CLANG_WARN_INFINITE_RECURSION = YES;
				CLANG_WARN_INT_CONVERSION = YES;
				CLANG_WARN_NON_LITERAL_NULL_CONVERSION = YES;
				CLANG_WARN_OBJC_IMPLICIT_RETAIN_SELF = YES;
				CLANG_WARN_OBJC_LITERAL_CONVERSION = YES;
				CLANG_WARN_RANGE_LOOP_ANALYSIS = YES;
				CLANG_WARN_STRICT_PROTOTYPES = YES;
				CLANG_WARN_SUSPICIOUS_MOVE = YES;
				CLANG_WARN_UNREACHABLE_CODE = YES;
				CLANG_WARN__DUPLICATE_METHOD_MATCH = YES;
				COPY_PHASE_STRIP = YES;
				ENABLE_BITCODE = NO;
				ENABLE_STRICT_OBJC_MSGSEND = YES;
				GCC_C_LANGUAGE_STANDARD = gnu99;
				GCC_NO_COMMON_BLOCKS = YES;
				GCC_WARN_64_TO_32_BIT_CONVERSION = YES;
				GCC_WARN_ABOUT_RETURN_TYPE = YES;
				GCC_WARN_UNDECLARED_SELECTOR = YES;
				GCC_WARN_UNINITIALIZED_AUTOS = YES;
				GCC_WARN_UNUSED_FUNCTION = YES;
				GCC_WARN_UNUSED_VARIABLE = YES;
				IPHONEOS_DEPLOYMENT_TARGET = 8.0;
				SDKROOT = iphoneos;
				STRIP_INSTALLED_PRODUCT = NO;
				VALIDATE_PRODUCT = YES;
			};
			name = Release;
		};
		66AC156118079A72005315C8 /* Debug */ = {
			isa = XCBuildConfiguration;
			buildSettings = {
				CLANG_ENABLE_MODULES = YES;
				CLANG_WARN_BOOL_CONVERSION = YES;
				CLANG_WARN_CONSTANT_CONVERSION = YES;
				CLANG_WARN_DIRECT_OBJC_ISA_USAGE = YES_ERROR;
				CLANG_WARN_ENUM_CONVERSION = YES;
				CLANG_WARN_INT_CONVERSION = YES;
				CLANG_WARN_OBJC_IMPLICIT_RETAIN_SELF = NO;
				CLANG_WARN_OBJC_ROOT_CLASS = YES_ERROR;
				DYLIB_COMPATIBILITY_VERSION = 1;
				DYLIB_CURRENT_VERSION = 1;
				FRAMEWORK_VERSION = A;
				GCC_PRECOMPILE_PREFIX_HEADER = YES;
				GCC_PREFIX_HEADER = "JotUI/JotUI-Prefix.pch";
				GCC_WARN_64_TO_32_BIT_CONVERSION = YES;
				GCC_WARN_ABOUT_RETURN_TYPE = YES_ERROR;
				GCC_WARN_UNDECLARED_SELECTOR = YES;
				GCC_WARN_UNUSED_FUNCTION = YES;
				INFOPLIST_FILE = "JotUI/JotUI-Info.plist";
				IPHONEOS_DEPLOYMENT_TARGET = 8.0;
				ONLY_ACTIVE_PLATFORM = YES;
				PRODUCT_BUNDLE_IDENTIFIER = "com.milestonemade.${PRODUCT_NAME:rfc1034identifier}";
				PRODUCT_NAME = "$(TARGET_NAME)";
				SKIP_INSTALL = YES;
				WRAPPER_EXTENSION = framework;
			};
			name = Debug;
		};
		66AC156218079A72005315C8 /* Release */ = {
			isa = XCBuildConfiguration;
			buildSettings = {
				CLANG_ENABLE_MODULES = YES;
				CLANG_WARN_BOOL_CONVERSION = YES;
				CLANG_WARN_CONSTANT_CONVERSION = YES;
				CLANG_WARN_DIRECT_OBJC_ISA_USAGE = YES_ERROR;
				CLANG_WARN_ENUM_CONVERSION = YES;
				CLANG_WARN_INT_CONVERSION = YES;
				CLANG_WARN_OBJC_IMPLICIT_RETAIN_SELF = NO;
				CLANG_WARN_OBJC_ROOT_CLASS = YES_ERROR;
				DYLIB_COMPATIBILITY_VERSION = 1;
				DYLIB_CURRENT_VERSION = 1;
				ENABLE_NS_ASSERTIONS = NO;
				FRAMEWORK_VERSION = A;
				GCC_PRECOMPILE_PREFIX_HEADER = YES;
				GCC_PREFIX_HEADER = "JotUI/JotUI-Prefix.pch";
				GCC_WARN_64_TO_32_BIT_CONVERSION = YES;
				GCC_WARN_ABOUT_RETURN_TYPE = YES_ERROR;
				GCC_WARN_UNDECLARED_SELECTOR = YES;
				GCC_WARN_UNUSED_FUNCTION = YES;
				INFOPLIST_FILE = "JotUI/JotUI-Info.plist";
				IPHONEOS_DEPLOYMENT_TARGET = 8.0;
				ONLY_ACTIVE_PLATFORM = YES;
				PRODUCT_BUNDLE_IDENTIFIER = "com.milestonemade.${PRODUCT_NAME:rfc1034identifier}";
				PRODUCT_NAME = "$(TARGET_NAME)";
				SKIP_INSTALL = YES;
				WRAPPER_EXTENSION = framework;
			};
			name = Release;
		};
		C5C5CC6F254F716700B6662F /* Debug */ = {
			isa = XCBuildConfiguration;
			buildSettings = {
				CLANG_ANALYZER_NONNULL = YES;
				CLANG_ANALYZER_NUMBER_OBJECT_CONVERSION = YES_AGGRESSIVE;
				CLANG_CXX_LANGUAGE_STANDARD = "gnu++14";
				CLANG_ENABLE_MODULES = YES;
				CLANG_ENABLE_OBJC_WEAK = YES;
				CLANG_WARN_DIRECT_OBJC_ISA_USAGE = YES_ERROR;
				CLANG_WARN_DOCUMENTATION_COMMENTS = YES;
				CLANG_WARN_OBJC_ROOT_CLASS = YES_ERROR;
				CLANG_WARN_QUOTED_INCLUDE_IN_FRAMEWORK_HEADER = YES;
				CLANG_WARN_UNGUARDED_AVAILABILITY = YES_AGGRESSIVE;
				CODE_SIGN_STYLE = Automatic;
				DEBUG_INFORMATION_FORMAT = dwarf;
				DEVELOPMENT_TEAM = MU27A4SCKC;
				GCC_C_LANGUAGE_STANDARD = gnu11;
				GCC_WARN_ABOUT_RETURN_TYPE = YES_ERROR;
				GCC_WARN_UNINITIALIZED_AUTOS = YES_AGGRESSIVE;
				INFOPLIST_FILE = JotUITests/Info.plist;
				IPHONEOS_DEPLOYMENT_TARGET = 14.2;
				LD_RUNPATH_SEARCH_PATHS = "$(inherited) @executable_path/Frameworks @loader_path/Frameworks";
				MTL_ENABLE_DEBUG_INFO = INCLUDE_SOURCE;
				MTL_FAST_MATH = YES;
				ONLY_ACTIVE_ARCH = YES;
				PRODUCT_BUNDLE_IDENTIFIER = com.milestonemade.JotUITests;
				PRODUCT_NAME = "$(TARGET_NAME)";
				TARGETED_DEVICE_FAMILY = "1,2";
			};
			name = Debug;
		};
		C5C5CC70254F716700B6662F /* Release */ = {
			isa = XCBuildConfiguration;
			buildSettings = {
				CLANG_ANALYZER_NONNULL = YES;
				CLANG_ANALYZER_NUMBER_OBJECT_CONVERSION = YES_AGGRESSIVE;
				CLANG_CXX_LANGUAGE_STANDARD = "gnu++14";
				CLANG_ENABLE_MODULES = YES;
				CLANG_ENABLE_OBJC_WEAK = YES;
				CLANG_WARN_DIRECT_OBJC_ISA_USAGE = YES_ERROR;
				CLANG_WARN_DOCUMENTATION_COMMENTS = YES;
				CLANG_WARN_OBJC_ROOT_CLASS = YES_ERROR;
				CLANG_WARN_QUOTED_INCLUDE_IN_FRAMEWORK_HEADER = YES;
				CLANG_WARN_UNGUARDED_AVAILABILITY = YES_AGGRESSIVE;
				CODE_SIGN_STYLE = Automatic;
				COPY_PHASE_STRIP = NO;
				DEBUG_INFORMATION_FORMAT = "dwarf-with-dsym";
				DEVELOPMENT_TEAM = MU27A4SCKC;
				ENABLE_NS_ASSERTIONS = NO;
				GCC_C_LANGUAGE_STANDARD = gnu11;
				GCC_WARN_ABOUT_RETURN_TYPE = YES_ERROR;
				GCC_WARN_UNINITIALIZED_AUTOS = YES_AGGRESSIVE;
				INFOPLIST_FILE = JotUITests/Info.plist;
				IPHONEOS_DEPLOYMENT_TARGET = 14.2;
				LD_RUNPATH_SEARCH_PATHS = "$(inherited) @executable_path/Frameworks @loader_path/Frameworks";
				MTL_ENABLE_DEBUG_INFO = NO;
				MTL_FAST_MATH = YES;
				PRODUCT_BUNDLE_IDENTIFIER = com.milestonemade.JotUITests;
				PRODUCT_NAME = "$(TARGET_NAME)";
				TARGETED_DEVICE_FAMILY = "1,2";
			};
			name = Release;
		};
/* End XCBuildConfiguration section */

/* Begin XCConfigurationList section */
		669B399F1692B46A00F12F42 /* Build configuration list for PBXProject "JotUI" */ = {
			isa = XCConfigurationList;
			buildConfigurations = (
				669B39CE1692B46B00F12F42 /* Debug */,
				669B39CF1692B46B00F12F42 /* Release */,
			);
			defaultConfigurationIsVisible = 0;
			defaultConfigurationName = Release;
		};
		66AC156018079A72005315C8 /* Build configuration list for PBXNativeTarget "JotUI" */ = {
			isa = XCConfigurationList;
			buildConfigurations = (
				66AC156118079A72005315C8 /* Debug */,
				66AC156218079A72005315C8 /* Release */,
			);
			defaultConfigurationIsVisible = 0;
			defaultConfigurationName = Release;
		};
		C5C5CC71254F716700B6662F /* Build configuration list for PBXNativeTarget "JotUITests" */ = {
			isa = XCConfigurationList;
			buildConfigurations = (
				C5C5CC6F254F716700B6662F /* Debug */,
				C5C5CC70254F716700B6662F /* Release */,
			);
			defaultConfigurationIsVisible = 0;
			defaultConfigurationName = Release;
		};
/* End XCConfigurationList section */
	};
	rootObject = 669B399C1692B46A00F12F42 /* Project object */;
}
