// !$*UTF8*$!
{
	archiveVersion = 1;
	classes = {
	};
	objectVersion = 46;
	objects = {

/* Begin PBXBuildFile section */
		6625FBB1174C219D009CC541 /* Filled.png in Resources */ = {isa = PBXBuildFile; fileRef = 6625FBB0174C219D009CC541 /* Filled.png */; };
		6645055616EFCD7E00B90511 /* check.png in Resources */ = {isa = PBXBuildFile; fileRef = 6645055416EFCD7E00B90511 /* check.png */; };
		6645055716EFCD7E00B90511 /* check@2x.png in Resources */ = {isa = PBXBuildFile; fileRef = 6645055516EFCD7E00B90511 /* check@2x.png */; };
		668B560916F25B24000F6674 /* CoreGraphics.framework in Frameworks */ = {isa = PBXBuildFile; fileRef = 669B3AA11692BC7D00F12F42 /* CoreGraphics.framework */; };
		668B560A16F25BA6000F6674 /* QuartzCore.framework in Frameworks */ = {isa = PBXBuildFile; fileRef = 669B3AA31692BD6E00F12F42 /* QuartzCore.framework */; };
		66910E8916803FCF0046EE12 /* Pen.m in Sources */ = {isa = PBXBuildFile; fileRef = 66910E8816803FCF0046EE12 /* Pen.m */; };
		66910E94168043400046EE12 /* Marker.m in Sources */ = {isa = PBXBuildFile; fileRef = 66910E93168043400046EE12 /* Marker.m */; };
		669B3A9E1692BC4500F12F42 /* OpenGLES.framework in Frameworks */ = {isa = PBXBuildFile; fileRef = 669B3A9D1692BC4500F12F42 /* OpenGLES.framework */; };
		669B3AC61692C6E300F12F42 /* FadedCircle.png in Resources */ = {isa = PBXBuildFile; fileRef = 669B3AC51692C6E300F12F42 /* FadedCircle.png */; };
		669B3ACB1692CB4C00F12F42 /* Circle.png in Resources */ = {isa = PBXBuildFile; fileRef = 669B3ACA1692CB4C00F12F42 /* Circle.png */; };
		669B3ACD169378DB00F12F42 /* Square.png in Resources */ = {isa = PBXBuildFile; fileRef = 669B3ACC169378DB00F12F42 /* Square.png */; };
		66A340221694D3890093E81A /* Rectangle.png in Resources */ = {isa = PBXBuildFile; fileRef = 66A340211694D3890093E81A /* Rectangle.png */; };
		66AA5F55169946A60046CA26 /* button-reset-ruby.png in Resources */ = {isa = PBXBuildFile; fileRef = 66AA5F4D169946A60046CA26 /* button-reset-ruby.png */; };
		66AA5F56169946A60046CA26 /* button-reset-ruby@2x.png in Resources */ = {isa = PBXBuildFile; fileRef = 66AA5F4E169946A60046CA26 /* button-reset-ruby@2x.png */; };
		66AA5F57169946A60046CA26 /* button-reset.png in Resources */ = {isa = PBXBuildFile; fileRef = 66AA5F4F169946A60046CA26 /* button-reset.png */; };
		66AA5F59169946A60046CA26 /* button-reset@2x.png in Resources */ = {isa = PBXBuildFile; fileRef = 66AA5F51169946A60046CA26 /* button-reset@2x.png */; };
		66AA5F5E169949AA0046CA26 /* ViewController.xib in Resources */ = {isa = PBXBuildFile; fileRef = 66AA5F5D169949A90046CA26 /* ViewController.xib */; };
		66AA5F8C169E20420046CA26 /* Eraser.m in Sources */ = {isa = PBXBuildFile; fileRef = 66AA5F8B169E20420046CA26 /* Eraser.m */; };
		66F9214816734FF000B1F868 /* UIKit.framework in Frameworks */ = {isa = PBXBuildFile; fileRef = 66F9214716734FF000B1F868 /* UIKit.framework */; };
		66F9214A16734FF000B1F868 /* Foundation.framework in Frameworks */ = {isa = PBXBuildFile; fileRef = 66F9214916734FF000B1F868 /* Foundation.framework */; };
		66F9215216734FF000B1F868 /* InfoPlist.strings in Resources */ = {isa = PBXBuildFile; fileRef = 66F9215016734FF000B1F868 /* InfoPlist.strings */; };
		66F9215416734FF000B1F868 /* main.m in Sources */ = {isa = PBXBuildFile; fileRef = 66F9215316734FF000B1F868 /* main.m */; };
		66F9215816734FF000B1F868 /* AppDelegate.m in Sources */ = {isa = PBXBuildFile; fileRef = 66F9215716734FF000B1F868 /* AppDelegate.m */; };
		66F9215A16734FF000B1F868 /* Default.png in Resources */ = {isa = PBXBuildFile; fileRef = 66F9215916734FF000B1F868 /* Default.png */; };
		66F9215C16734FF000B1F868 /* Default@2x.png in Resources */ = {isa = PBXBuildFile; fileRef = 66F9215B16734FF000B1F868 /* Default@2x.png */; };
		66F9215E16734FF000B1F868 /* Default-568h@2x.png in Resources */ = {isa = PBXBuildFile; fileRef = 66F9215D16734FF000B1F868 /* Default-568h@2x.png */; };
		66F9216116734FF000B1F868 /* ViewController.m in Sources */ = {isa = PBXBuildFile; fileRef = 66F9216016734FF000B1F868 /* ViewController.m */; };
		C5018DED1C2BCE4A00A68A1C /* SystemConfiguration.framework in Frameworks */ = {isa = PBXBuildFile; fileRef = C5018DEC1C2BCE4A00A68A1C /* SystemConfiguration.framework */; };
		C5018DEF1C2BCE5100A68A1C /* CoreMotion.framework in Frameworks */ = {isa = PBXBuildFile; fileRef = C5018DEE1C2BCE5100A68A1C /* CoreMotion.framework */; };
		C5395C2321CEEC2D0087B332 /* Highlighter.m in Sources */ = {isa = PBXBuildFile; fileRef = C5395C2221CEEC2D0087B332 /* Highlighter.m */; };
		C5395C2521CEEE5C0087B332 /* highlighter.png in Resources */ = {isa = PBXBuildFile; fileRef = C5395C2421CEEE5C0087B332 /* highlighter.png */; };
		C56201CE1DDE74C200FF508E /* colorlesspoint.vsh in Resources */ = {isa = PBXBuildFile; fileRef = C56201C81DDE74C200FF508E /* colorlesspoint.vsh */; };
		C56201CF1DDE74C200FF508E /* coloredpoint.vsh in Resources */ = {isa = PBXBuildFile; fileRef = C56201C91DDE74C200FF508E /* coloredpoint.vsh */; };
		C56201D01DDE74C200FF508E /* quad.vsh in Resources */ = {isa = PBXBuildFile; fileRef = C56201CA1DDE74C200FF508E /* quad.vsh */; };
		C56201D11DDE74C200FF508E /* quad.fsh in Resources */ = {isa = PBXBuildFile; fileRef = C56201CB1DDE74C200FF508E /* quad.fsh */; };
		C56201D21DDE74C200FF508E /* stencil.fsh in Resources */ = {isa = PBXBuildFile; fileRef = C56201CC1DDE74C200FF508E /* stencil.fsh */; };
		C56201D31DDE74C200FF508E /* point.fsh in Resources */ = {isa = PBXBuildFile; fileRef = C56201CD1DDE74C200FF508E /* point.fsh */; };
		C584F8351C37C4AB00413840 /* Particle.png in Resources */ = {isa = PBXBuildFile; fileRef = C584F8341C37C4AB00413840 /* Particle.png */; };
		C59C7D95207F00210030634A /* SquareBrushTexture.m in Sources */ = {isa = PBXBuildFile; fileRef = C59C7D93207F00210030634A /* SquareBrushTexture.m */; };
		C5C459EA1DBF155900C50EA7 /* JotUI.framework in Frameworks */ = {isa = PBXBuildFile; fileRef = C5C459E91DBF155900C50EA7 /* JotUI.framework */; };
		C5E0C8131E04A95900D8E301 /* ViewController~iphone.xib in Resources */ = {isa = PBXBuildFile; fileRef = C5E0C8121E04A95900D8E301 /* ViewController~iphone.xib */; };
/* End PBXBuildFile section */

/* Begin PBXFileReference section */
		6625FBB0174C219D009CC541 /* Filled.png */ = {isa = PBXFileReference; lastKnownFileType = image.png; path = Filled.png; sourceTree = "<group>"; };
		6645055416EFCD7E00B90511 /* check.png */ = {isa = PBXFileReference; lastKnownFileType = image.png; path = check.png; sourceTree = "<group>"; };
		6645055516EFCD7E00B90511 /* check@2x.png */ = {isa = PBXFileReference; lastKnownFileType = image.png; path = "check@2x.png"; sourceTree = "<group>"; };
		66910E8716803FCF0046EE12 /* Pen.h */ = {isa = PBXFileReference; fileEncoding = 4; lastKnownFileType = sourcecode.c.h; path = Pen.h; sourceTree = "<group>"; };
		66910E8816803FCF0046EE12 /* Pen.m */ = {isa = PBXFileReference; fileEncoding = 4; lastKnownFileType = sourcecode.c.objc; path = Pen.m; sourceTree = "<group>"; };
		66910E92168043400046EE12 /* Marker.h */ = {isa = PBXFileReference; fileEncoding = 4; lastKnownFileType = sourcecode.c.h; path = Marker.h; sourceTree = "<group>"; };
		66910E93168043400046EE12 /* Marker.m */ = {isa = PBXFileReference; fileEncoding = 4; lastKnownFileType = sourcecode.c.objc; path = Marker.m; sourceTree = "<group>"; };
		669B3A9D1692BC4500F12F42 /* OpenGLES.framework */ = {isa = PBXFileReference; lastKnownFileType = wrapper.framework; name = OpenGLES.framework; path = System/Library/Frameworks/OpenGLES.framework; sourceTree = SDKROOT; };
		669B3AA11692BC7D00F12F42 /* CoreGraphics.framework */ = {isa = PBXFileReference; lastKnownFileType = wrapper.framework; name = CoreGraphics.framework; path = System/Library/Frameworks/CoreGraphics.framework; sourceTree = SDKROOT; };
		669B3AA31692BD6E00F12F42 /* QuartzCore.framework */ = {isa = PBXFileReference; lastKnownFileType = wrapper.framework; name = QuartzCore.framework; path = System/Library/Frameworks/QuartzCore.framework; sourceTree = SDKROOT; };
		669B3AC51692C6E300F12F42 /* FadedCircle.png */ = {isa = PBXFileReference; lastKnownFileType = image.png; path = FadedCircle.png; sourceTree = "<group>"; };
		669B3ACA1692CB4C00F12F42 /* Circle.png */ = {isa = PBXFileReference; lastKnownFileType = image.png; path = Circle.png; sourceTree = "<group>"; };
		669B3ACC169378DB00F12F42 /* Square.png */ = {isa = PBXFileReference; lastKnownFileType = image.png; path = Square.png; sourceTree = "<group>"; };
		66A340211694D3890093E81A /* Rectangle.png */ = {isa = PBXFileReference; lastKnownFileType = image.png; path = Rectangle.png; sourceTree = "<group>"; };
		66AA5F4D169946A60046CA26 /* button-reset-ruby.png */ = {isa = PBXFileReference; lastKnownFileType = image.png; path = "button-reset-ruby.png"; sourceTree = "<group>"; };
		66AA5F4E169946A60046CA26 /* button-reset-ruby@2x.png */ = {isa = PBXFileReference; lastKnownFileType = image.png; path = "button-reset-ruby@2x.png"; sourceTree = "<group>"; };
		66AA5F4F169946A60046CA26 /* button-reset.png */ = {isa = PBXFileReference; lastKnownFileType = image.png; path = "button-reset.png"; sourceTree = "<group>"; };
		66AA5F51169946A60046CA26 /* button-reset@2x.png */ = {isa = PBXFileReference; lastKnownFileType = image.png; path = "button-reset@2x.png"; sourceTree = "<group>"; };
		66AA5F5D169949A90046CA26 /* ViewController.xib */ = {isa = PBXFileReference; fileEncoding = 4; lastKnownFileType = file.xib; path = ViewController.xib; sourceTree = "<group>"; };
		66AA5F8A169E20420046CA26 /* Eraser.h */ = {isa = PBXFileReference; fileEncoding = 4; lastKnownFileType = sourcecode.c.h; path = Eraser.h; sourceTree = "<group>"; };
		66AA5F8B169E20420046CA26 /* Eraser.m */ = {isa = PBXFileReference; fileEncoding = 4; lastKnownFileType = sourcecode.c.objc; path = Eraser.m; sourceTree = "<group>"; };
		66F9214316734FF000B1F868 /* jotuiexample.app */ = {isa = PBXFileReference; explicitFileType = wrapper.application; includeInIndex = 0; path = jotuiexample.app; sourceTree = BUILT_PRODUCTS_DIR; };
		66F9214716734FF000B1F868 /* UIKit.framework */ = {isa = PBXFileReference; lastKnownFileType = wrapper.framework; name = UIKit.framework; path = System/Library/Frameworks/UIKit.framework; sourceTree = SDKROOT; };
		66F9214916734FF000B1F868 /* Foundation.framework */ = {isa = PBXFileReference; lastKnownFileType = wrapper.framework; name = Foundation.framework; path = System/Library/Frameworks/Foundation.framework; sourceTree = SDKROOT; };
		66F9214F16734FF000B1F868 /* jotuiexample-Info.plist */ = {isa = PBXFileReference; lastKnownFileType = text.plist.xml; path = "jotuiexample-Info.plist"; sourceTree = "<group>"; };
		66F9215116734FF000B1F868 /* en */ = {isa = PBXFileReference; lastKnownFileType = text.plist.strings; name = en; path = en.lproj/InfoPlist.strings; sourceTree = "<group>"; };
		66F9215316734FF000B1F868 /* main.m */ = {isa = PBXFileReference; lastKnownFileType = sourcecode.c.objc; path = main.m; sourceTree = "<group>"; };
		66F9215516734FF000B1F868 /* jotuiexample-Prefix.pch */ = {isa = PBXFileReference; lastKnownFileType = sourcecode.c.h; path = "jotuiexample-Prefix.pch"; sourceTree = "<group>"; };
		66F9215616734FF000B1F868 /* AppDelegate.h */ = {isa = PBXFileReference; lastKnownFileType = sourcecode.c.h; path = AppDelegate.h; sourceTree = "<group>"; };
		66F9215716734FF000B1F868 /* AppDelegate.m */ = {isa = PBXFileReference; lastKnownFileType = sourcecode.c.objc; path = AppDelegate.m; sourceTree = "<group>"; };
		66F9215916734FF000B1F868 /* Default.png */ = {isa = PBXFileReference; lastKnownFileType = image.png; path = Default.png; sourceTree = "<group>"; };
		66F9215B16734FF000B1F868 /* Default@2x.png */ = {isa = PBXFileReference; lastKnownFileType = image.png; path = "Default@2x.png"; sourceTree = "<group>"; };
		66F9215D16734FF000B1F868 /* Default-568h@2x.png */ = {isa = PBXFileReference; lastKnownFileType = image.png; path = "Default-568h@2x.png"; sourceTree = "<group>"; };
		66F9215F16734FF000B1F868 /* ViewController.h */ = {isa = PBXFileReference; lastKnownFileType = sourcecode.c.h; path = ViewController.h; sourceTree = "<group>"; };
		66F9216016734FF000B1F868 /* ViewController.m */ = {isa = PBXFileReference; lastKnownFileType = sourcecode.c.objc; path = ViewController.m; sourceTree = "<group>"; };
		C5018DEC1C2BCE4A00A68A1C /* SystemConfiguration.framework */ = {isa = PBXFileReference; lastKnownFileType = wrapper.framework; name = SystemConfiguration.framework; path = System/Library/Frameworks/SystemConfiguration.framework; sourceTree = SDKROOT; };
		C5018DEE1C2BCE5100A68A1C /* CoreMotion.framework */ = {isa = PBXFileReference; lastKnownFileType = wrapper.framework; name = CoreMotion.framework; path = System/Library/Frameworks/CoreMotion.framework; sourceTree = SDKROOT; };
		C5395C2121CEEC2D0087B332 /* Highlighter.h */ = {isa = PBXFileReference; fileEncoding = 4; lastKnownFileType = sourcecode.c.h; path = Highlighter.h; sourceTree = "<group>"; };
		C5395C2221CEEC2D0087B332 /* Highlighter.m */ = {isa = PBXFileReference; fileEncoding = 4; lastKnownFileType = sourcecode.c.objc; path = Highlighter.m; sourceTree = "<group>"; };
		C5395C2421CEEE5C0087B332 /* highlighter.png */ = {isa = PBXFileReference; lastKnownFileType = image.png; name = highlighter.png; path = ../../JotUI/JotUI/highlighter.png; sourceTree = "<group>"; };
		C56201C81DDE74C200FF508E /* colorlesspoint.vsh */ = {isa = PBXFileReference; fileEncoding = 4; lastKnownFileType = sourcecode.glsl; name = colorlesspoint.vsh; path = ../JotUI/JotUI/colorlesspoint.vsh; sourceTree = "<group>"; };
		C56201C91DDE74C200FF508E /* coloredpoint.vsh */ = {isa = PBXFileReference; fileEncoding = 4; lastKnownFileType = sourcecode.glsl; name = coloredpoint.vsh; path = ../JotUI/JotUI/coloredpoint.vsh; sourceTree = "<group>"; };
		C56201CA1DDE74C200FF508E /* quad.vsh */ = {isa = PBXFileReference; fileEncoding = 4; lastKnownFileType = sourcecode.glsl; name = quad.vsh; path = ../JotUI/JotUI/quad.vsh; sourceTree = "<group>"; };
		C56201CB1DDE74C200FF508E /* quad.fsh */ = {isa = PBXFileReference; fileEncoding = 4; lastKnownFileType = sourcecode.glsl; name = quad.fsh; path = ../JotUI/JotUI/quad.fsh; sourceTree = "<group>"; };
		C56201CC1DDE74C200FF508E /* stencil.fsh */ = {isa = PBXFileReference; fileEncoding = 4; lastKnownFileType = sourcecode.glsl; name = stencil.fsh; path = ../JotUI/JotUI/stencil.fsh; sourceTree = "<group>"; };
		C56201CD1DDE74C200FF508E /* point.fsh */ = {isa = PBXFileReference; fileEncoding = 4; lastKnownFileType = sourcecode.glsl; name = point.fsh; path = ../JotUI/JotUI/point.fsh; sourceTree = "<group>"; };
		C584F8301C37C14C00413840 /* point.vsh */ = {isa = PBXFileReference; fileEncoding = 4; lastKnownFileType = sourcecode.glsl; path = point.vsh; sourceTree = "<group>"; };
		C584F8341C37C4AB00413840 /* Particle.png */ = {isa = PBXFileReference; lastKnownFileType = image.png; path = Particle.png; sourceTree = "<group>"; };
		C59C7D93207F00210030634A /* SquareBrushTexture.m */ = {isa = PBXFileReference; fileEncoding = 4; lastKnownFileType = sourcecode.c.objc; name = SquareBrushTexture.m; path = ../../JotUI/JotUI/SquareBrushTexture.m; sourceTree = "<group>"; };
		C59C7D94207F00210030634A /* SquareBrushTexture.h */ = {isa = PBXFileReference; fileEncoding = 4; lastKnownFileType = sourcecode.c.h; name = SquareBrushTexture.h; path = ../../JotUI/JotUI/SquareBrushTexture.h; sourceTree = "<group>"; };
		C5C459E91DBF155900C50EA7 /* JotUI.framework */ = {isa = PBXFileReference; lastKnownFileType = wrapper.framework; name = JotUI.framework; path = "../../../../Library/Developer/Xcode/DerivedData/JotUI-gwtuddnpdsuqegaloczvhymgkvbq/Build/Products/Debug-iphoneos/JotUI.framework"; sourceTree = "<group>"; };
		C5E0C8121E04A95900D8E301 /* ViewController~iphone.xib */ = {isa = PBXFileReference; fileEncoding = 4; lastKnownFileType = file.xib; path = "ViewController~iphone.xib"; sourceTree = "<group>"; };
/* End PBXFileReference section */

/* Begin PBXFrameworksBuildPhase section */
		66F9214016734FF000B1F868 /* Frameworks */ = {
			isa = PBXFrameworksBuildPhase;
			buildActionMask = 2147483647;
			files = (
				C5C459EA1DBF155900C50EA7 /* JotUI.framework in Frameworks */,
				C5018DEF1C2BCE5100A68A1C /* CoreMotion.framework in Frameworks */,
				C5018DED1C2BCE4A00A68A1C /* SystemConfiguration.framework in Frameworks */,
				668B560916F25B24000F6674 /* CoreGraphics.framework in Frameworks */,
				669B3A9E1692BC4500F12F42 /* OpenGLES.framework in Frameworks */,
				668B560A16F25BA6000F6674 /* QuartzCore.framework in Frameworks */,
				66F9214816734FF000B1F868 /* UIKit.framework in Frameworks */,
				66F9214A16734FF000B1F868 /* Foundation.framework in Frameworks */,
			);
			runOnlyForDeploymentPostprocessing = 0;
		};
/* End PBXFrameworksBuildPhase section */

/* Begin PBXGroup section */
		6645055316EFCD1F00B90511 /* Default and Icon */ = {
			isa = PBXGroup;
			children = (
				66F9215916734FF000B1F868 /* Default.png */,
				66F9215B16734FF000B1F868 /* Default@2x.png */,
				66F9215D16734FF000B1F868 /* Default-568h@2x.png */,
			);
			name = "Default and Icon";
			sourceTree = "<group>";
		};
		66910E8516803FA50046EE12 /* Pen Styles */ = {
			isa = PBXGroup;
			children = (
				C59C7D94207F00210030634A /* SquareBrushTexture.h */,
				C59C7D93207F00210030634A /* SquareBrushTexture.m */,
				66910E8716803FCF0046EE12 /* Pen.h */,
				66910E8816803FCF0046EE12 /* Pen.m */,
				C5395C2121CEEC2D0087B332 /* Highlighter.h */,
				C5395C2221CEEC2D0087B332 /* Highlighter.m */,
				66910E92168043400046EE12 /* Marker.h */,
				66910E93168043400046EE12 /* Marker.m */,
				66AA5F8A169E20420046CA26 /* Eraser.h */,
				66AA5F8B169E20420046CA26 /* Eraser.m */,
			);
			name = "Pen Styles";
			sourceTree = "<group>";
		};
		66A6E13116ADE24600651417 /* Pen Images */ = {
			isa = PBXGroup;
			children = (
				C5395C2421CEEE5C0087B332 /* highlighter.png */,
				6625FBB0174C219D009CC541 /* Filled.png */,
				66A340211694D3890093E81A /* Rectangle.png */,
				669B3AC51692C6E300F12F42 /* FadedCircle.png */,
				669B3ACC169378DB00F12F42 /* Square.png */,
				669B3ACA1692CB4C00F12F42 /* Circle.png */,
			);
			name = "Pen Images";
			sourceTree = "<group>";
		};
		66AA5F4C169946760046CA26 /* Images */ = {
			isa = PBXGroup;
			children = (
				6645055416EFCD7E00B90511 /* check.png */,
				6645055516EFCD7E00B90511 /* check@2x.png */,
				66AA5F4D169946A60046CA26 /* button-reset-ruby.png */,
				66AA5F4E169946A60046CA26 /* button-reset-ruby@2x.png */,
				66AA5F4F169946A60046CA26 /* button-reset.png */,
				66AA5F51169946A60046CA26 /* button-reset@2x.png */,
			);
			name = Images;
			sourceTree = "<group>";
		};
		66F9213816734FF000B1F868 = {
			isa = PBXGroup;
			children = (
				C56201C81DDE74C200FF508E /* colorlesspoint.vsh */,
				C56201C91DDE74C200FF508E /* coloredpoint.vsh */,
				C56201CA1DDE74C200FF508E /* quad.vsh */,
				C56201CB1DDE74C200FF508E /* quad.fsh */,
				C56201CC1DDE74C200FF508E /* stencil.fsh */,
				C56201CD1DDE74C200FF508E /* point.fsh */,
				C584F82F1C37C14100413840 /* Shaders */,
				66F9214D16734FF000B1F868 /* jotuiexample */,
				66F9214616734FF000B1F868 /* Frameworks */,
				66F9214416734FF000B1F868 /* Products */,
			);
			sourceTree = "<group>";
		};
		66F9214416734FF000B1F868 /* Products */ = {
			isa = PBXGroup;
			children = (
				66F9214316734FF000B1F868 /* jotuiexample.app */,
			);
			name = Products;
			sourceTree = "<group>";
		};
		66F9214616734FF000B1F868 /* Frameworks */ = {
			isa = PBXGroup;
			children = (
				C5C459E91DBF155900C50EA7 /* JotUI.framework */,
				C5018DEE1C2BCE5100A68A1C /* CoreMotion.framework */,
				C5018DEC1C2BCE4A00A68A1C /* SystemConfiguration.framework */,
				66F923061677C85F00B1F868 /* JotUI */,
				66F9214716734FF000B1F868 /* UIKit.framework */,
				66F9214916734FF000B1F868 /* Foundation.framework */,
			);
			name = Frameworks;
			sourceTree = "<group>";
		};
		66F9214D16734FF000B1F868 /* jotuiexample */ = {
			isa = PBXGroup;
			children = (
				66F9215616734FF000B1F868 /* AppDelegate.h */,
				66F9215716734FF000B1F868 /* AppDelegate.m */,
				66F9215F16734FF000B1F868 /* ViewController.h */,
				66F9216016734FF000B1F868 /* ViewController.m */,
				66AA5F5D169949A90046CA26 /* ViewController.xib */,
				C5E0C8121E04A95900D8E301 /* ViewController~iphone.xib */,
				66910E8516803FA50046EE12 /* Pen Styles */,
				66F9214E16734FF000B1F868 /* Supporting Files */,
			);
			path = jotuiexample;
			sourceTree = "<group>";
		};
		66F9214E16734FF000B1F868 /* Supporting Files */ = {
			isa = PBXGroup;
			children = (
				66A6E13116ADE24600651417 /* Pen Images */,
				66AA5F4C169946760046CA26 /* Images */,
				6645055316EFCD1F00B90511 /* Default and Icon */,
				66F9214F16734FF000B1F868 /* jotuiexample-Info.plist */,
				66F9215016734FF000B1F868 /* InfoPlist.strings */,
				66F9215316734FF000B1F868 /* main.m */,
				66F9215516734FF000B1F868 /* jotuiexample-Prefix.pch */,
			);
			name = "Supporting Files";
			sourceTree = "<group>";
		};
		66F923061677C85F00B1F868 /* JotUI */ = {
			isa = PBXGroup;
			children = (
				669B3AA31692BD6E00F12F42 /* QuartzCore.framework */,
				669B3AA11692BC7D00F12F42 /* CoreGraphics.framework */,
				669B3A9D1692BC4500F12F42 /* OpenGLES.framework */,
			);
			name = JotUI;
			sourceTree = "<group>";
		};
		C584F82F1C37C14100413840 /* Shaders */ = {
			isa = PBXGroup;
			children = (
				C584F8341C37C4AB00413840 /* Particle.png */,
				C584F8301C37C14C00413840 /* point.vsh */,
			);
			name = Shaders;
			sourceTree = "<group>";
		};
/* End PBXGroup section */

/* Begin PBXNativeTarget section */
		66F9214216734FF000B1F868 /* jotuiexample */ = {
			isa = PBXNativeTarget;
			buildConfigurationList = 66F9216716734FF000B1F868 /* Build configuration list for PBXNativeTarget "jotuiexample" */;
			buildPhases = (
				66F9213F16734FF000B1F868 /* Sources */,
				66F9214016734FF000B1F868 /* Frameworks */,
				66F9214116734FF000B1F868 /* Resources */,
			);
			buildRules = (
			);
			dependencies = (
			);
			name = jotuiexample;
			productName = jotuiexample;
			productReference = 66F9214316734FF000B1F868 /* jotuiexample.app */;
			productType = "com.apple.product-type.application";
		};
/* End PBXNativeTarget section */

/* Begin PBXProject section */
		66F9213A16734FF000B1F868 /* Project object */ = {
			isa = PBXProject;
			attributes = {
				LastUpgradeCheck = 0930;
				ORGANIZATIONNAME = "Milestone Made";
				TargetAttributes = {
					66F9214216734FF000B1F868 = {
						DevelopmentTeam = MU27A4SCKC;
						ProvisioningStyle = Automatic;
					};
				};
			};
			buildConfigurationList = 66F9213D16734FF000B1F868 /* Build configuration list for PBXProject "jotuiexample" */;
			compatibilityVersion = "Xcode 3.2";
			developmentRegion = English;
			hasScannedForEncodings = 0;
			knownRegions = (
				en,
			);
			mainGroup = 66F9213816734FF000B1F868;
			productRefGroup = 66F9214416734FF000B1F868 /* Products */;
			projectDirPath = "";
			projectRoot = "";
			targets = (
				66F9214216734FF000B1F868 /* jotuiexample */,
			);
		};
/* End PBXProject section */

/* Begin PBXResourcesBuildPhase section */
		66F9214116734FF000B1F868 /* Resources */ = {
			isa = PBXResourcesBuildPhase;
			buildActionMask = 2147483647;
			files = (
				66F9215216734FF000B1F868 /* InfoPlist.strings in Resources */,
				C56201CE1DDE74C200FF508E /* colorlesspoint.vsh in Resources */,
				C56201CF1DDE74C200FF508E /* coloredpoint.vsh in Resources */,
				C56201D01DDE74C200FF508E /* quad.vsh in Resources */,
				C56201D11DDE74C200FF508E /* quad.fsh in Resources */,
				C56201D21DDE74C200FF508E /* stencil.fsh in Resources */,
				C56201D31DDE74C200FF508E /* point.fsh in Resources */,
				66F9215A16734FF000B1F868 /* Default.png in Resources */,
				66F9215C16734FF000B1F868 /* Default@2x.png in Resources */,
				66F9215E16734FF000B1F868 /* Default-568h@2x.png in Resources */,
				C5E0C8131E04A95900D8E301 /* ViewController~iphone.xib in Resources */,
				C5395C2521CEEE5C0087B332 /* highlighter.png in Resources */,
				669B3AC61692C6E300F12F42 /* FadedCircle.png in Resources */,
				669B3ACB1692CB4C00F12F42 /* Circle.png in Resources */,
				669B3ACD169378DB00F12F42 /* Square.png in Resources */,
				66A340221694D3890093E81A /* Rectangle.png in Resources */,
				66AA5F55169946A60046CA26 /* button-reset-ruby.png in Resources */,
				66AA5F56169946A60046CA26 /* button-reset-ruby@2x.png in Resources */,
				66AA5F57169946A60046CA26 /* button-reset.png in Resources */,
				66AA5F59169946A60046CA26 /* button-reset@2x.png in Resources */,
				66AA5F5E169949AA0046CA26 /* ViewController.xib in Resources */,
				C584F8351C37C4AB00413840 /* Particle.png in Resources */,
				6645055616EFCD7E00B90511 /* check.png in Resources */,
				6645055716EFCD7E00B90511 /* check@2x.png in Resources */,
				6625FBB1174C219D009CC541 /* Filled.png in Resources */,
			);
			runOnlyForDeploymentPostprocessing = 0;
		};
/* End PBXResourcesBuildPhase section */

/* Begin PBXSourcesBuildPhase section */
		66F9213F16734FF000B1F868 /* Sources */ = {
			isa = PBXSourcesBuildPhase;
			buildActionMask = 2147483647;
			files = (
				66F9215416734FF000B1F868 /* main.m in Sources */,
				C59C7D95207F00210030634A /* SquareBrushTexture.m in Sources */,
				66F9215816734FF000B1F868 /* AppDelegate.m in Sources */,
				66F9216116734FF000B1F868 /* ViewController.m in Sources */,
				66910E8916803FCF0046EE12 /* Pen.m in Sources */,
				66910E94168043400046EE12 /* Marker.m in Sources */,
				66AA5F8C169E20420046CA26 /* Eraser.m in Sources */,
				C5395C2321CEEC2D0087B332 /* Highlighter.m in Sources */,
			);
			runOnlyForDeploymentPostprocessing = 0;
		};
/* End PBXSourcesBuildPhase section */

/* Begin PBXVariantGroup section */
		66F9215016734FF000B1F868 /* InfoPlist.strings */ = {
			isa = PBXVariantGroup;
			children = (
				66F9215116734FF000B1F868 /* en */,
			);
			name = InfoPlist.strings;
			sourceTree = "<group>";
		};
/* End PBXVariantGroup section */

/* Begin XCBuildConfiguration section */
		66F9216516734FF000B1F868 /* Debug */ = {
			isa = XCBuildConfiguration;
			buildSettings = {
				ALWAYS_SEARCH_USER_PATHS = NO;
				CLANG_CXX_LANGUAGE_STANDARD = "gnu++0x";
				CLANG_CXX_LIBRARY = "libc++";
				CLANG_WARN_BLOCK_CAPTURE_AUTORELEASING = YES;
				CLANG_WARN_BOOL_CONVERSION = YES;
				CLANG_WARN_COMMA = YES;
				CLANG_WARN_CONSTANT_CONVERSION = YES;
				CLANG_WARN_DEPRECATED_OBJC_IMPLEMENTATIONS = YES;
				CLANG_WARN_EMPTY_BODY = YES;
				CLANG_WARN_ENUM_CONVERSION = YES;
				CLANG_WARN_INFINITE_RECURSION = YES;
				CLANG_WARN_INT_CONVERSION = YES;
				CLANG_WARN_NON_LITERAL_NULL_CONVERSION = YES;
				CLANG_WARN_OBJC_IMPLICIT_RETAIN_SELF = YES;
				CLANG_WARN_OBJC_LITERAL_CONVERSION = YES;
				CLANG_WARN_RANGE_LOOP_ANALYSIS = YES;
				CLANG_WARN_STRICT_PROTOTYPES = YES;
				CLANG_WARN_SUSPICIOUS_MOVE = YES;
				CLANG_WARN_UNREACHABLE_CODE = YES;
				CLANG_WARN__DUPLICATE_METHOD_MATCH = YES;
				"CODE_SIGN_IDENTITY[sdk=iphoneos*]" = "iPhone Developer";
				COPY_PHASE_STRIP = NO;
				ENABLE_BITCODE = NO;
				ENABLE_STRICT_OBJC_MSGSEND = YES;
				ENABLE_TESTABILITY = YES;
				GCC_C_LANGUAGE_STANDARD = gnu99;
				GCC_DYNAMIC_NO_PIC = NO;
				GCC_NO_COMMON_BLOCKS = YES;
				GCC_OPTIMIZATION_LEVEL = 0;
				GCC_PREPROCESSOR_DEFINITIONS = (
					"DEBUG=1",
					"$(inherited)",
				);
				GCC_SYMBOLS_PRIVATE_EXTERN = NO;
				GCC_WARN_64_TO_32_BIT_CONVERSION = YES;
				GCC_WARN_ABOUT_RETURN_TYPE = YES;
				GCC_WARN_UNDECLARED_SELECTOR = YES;
				GCC_WARN_UNINITIALIZED_AUTOS = YES;
				GCC_WARN_UNUSED_FUNCTION = YES;
				GCC_WARN_UNUSED_VARIABLE = YES;
				ONLY_ACTIVE_ARCH = YES;
				SDKROOT = iphoneos;
				TARGETED_DEVICE_FAMILY = 2;
			};
			name = Debug;
		};
		66F9216616734FF000B1F868 /* Release */ = {
			isa = XCBuildConfiguration;
			buildSettings = {
				ALWAYS_SEARCH_USER_PATHS = NO;
				CLANG_CXX_LANGUAGE_STANDARD = "gnu++0x";
				CLANG_CXX_LIBRARY = "libc++";
				CLANG_WARN_BLOCK_CAPTURE_AUTORELEASING = YES;
				CLANG_WARN_BOOL_CONVERSION = YES;
				CLANG_WARN_COMMA = YES;
				CLANG_WARN_CONSTANT_CONVERSION = YES;
				CLANG_WARN_DEPRECATED_OBJC_IMPLEMENTATIONS = YES;
				CLANG_WARN_EMPTY_BODY = YES;
				CLANG_WARN_ENUM_CONVERSION = YES;
				CLANG_WARN_INFINITE_RECURSION = YES;
				CLANG_WARN_INT_CONVERSION = YES;
				CLANG_WARN_NON_LITERAL_NULL_CONVERSION = YES;
				CLANG_WARN_OBJC_IMPLICIT_RETAIN_SELF = YES;
				CLANG_WARN_OBJC_LITERAL_CONVERSION = YES;
				CLANG_WARN_RANGE_LOOP_ANALYSIS = YES;
				CLANG_WARN_STRICT_PROTOTYPES = YES;
				CLANG_WARN_SUSPICIOUS_MOVE = YES;
				CLANG_WARN_UNREACHABLE_CODE = YES;
				CLANG_WARN__DUPLICATE_METHOD_MATCH = YES;
				"CODE_SIGN_IDENTITY[sdk=iphoneos*]" = "iPhone Developer";
				COPY_PHASE_STRIP = YES;
				ENABLE_BITCODE = NO;
				ENABLE_STRICT_OBJC_MSGSEND = YES;
				GCC_C_LANGUAGE_STANDARD = gnu99;
				GCC_NO_COMMON_BLOCKS = YES;
				GCC_WARN_64_TO_32_BIT_CONVERSION = YES;
				GCC_WARN_ABOUT_RETURN_TYPE = YES;
				GCC_WARN_UNDECLARED_SELECTOR = YES;
				GCC_WARN_UNINITIALIZED_AUTOS = YES;
				GCC_WARN_UNUSED_FUNCTION = YES;
				GCC_WARN_UNUSED_VARIABLE = YES;
				OTHER_CFLAGS = "-DNS_BLOCK_ASSERTIONS=1";
				SDKROOT = iphoneos;
				TARGETED_DEVICE_FAMILY = 2;
				VALIDATE_PRODUCT = YES;
			};
			name = Release;
		};
		66F9216816734FF000B1F868 /* Debug */ = {
			isa = XCBuildConfiguration;
			buildSettings = {
				CLANG_ENABLE_OBJC_ARC = YES;
				"CODE_SIGN_IDENTITY[sdk=iphoneos*]" = "iPhone Developer";
				FRAMEWORK_SEARCH_PATHS = "$(inherited)";
				GCC_PRECOMPILE_PREFIX_HEADER = YES;
				GCC_PREFIX_HEADER = "jotuiexample/jotuiexample-Prefix.pch";
				INFOPLIST_FILE = "jotuiexample/jotuiexample-Info.plist";
				IPHONEOS_DEPLOYMENT_TARGET = 8.0;
				OTHER_LDFLAGS = (
					"-fobjc-arc",
					"-ObjC",
				);
				PRODUCT_BUNDLE_IDENTIFIER = com.milestonemade.jotuiexample;
				PRODUCT_NAME = "$(TARGET_NAME)";
				TARGETED_DEVICE_FAMILY = "1,2";
				WRAPPER_EXTENSION = app;
			};
			name = Debug;
		};
		66F9216916734FF000B1F868 /* Release */ = {
			isa = XCBuildConfiguration;
			buildSettings = {
				CLANG_ENABLE_OBJC_ARC = YES;
				"CODE_SIGN_IDENTITY[sdk=iphoneos*]" = "iPhone Developer";
				FRAMEWORK_SEARCH_PATHS = "$(inherited)";
				GCC_PRECOMPILE_PREFIX_HEADER = YES;
				GCC_PREFIX_HEADER = "jotuiexample/jotuiexample-Prefix.pch";
				INFOPLIST_FILE = "jotuiexample/jotuiexample-Info.plist";
				IPHONEOS_DEPLOYMENT_TARGET = 8.0;
				OTHER_LDFLAGS = (
					"-fobjc-arc",
					"-ObjC",
				);
				PRODUCT_BUNDLE_IDENTIFIER = com.milestonemade.jotuiexample;
				PRODUCT_NAME = "$(TARGET_NAME)";
				TARGETED_DEVICE_FAMILY = "1,2";
				WRAPPER_EXTENSION = app;
			};
			name = Release;
		};
/* End XCBuildConfiguration section */

/* Begin XCConfigurationList section */
		66F9213D16734FF000B1F868 /* Build configuration list for PBXProject "jotuiexample" */ = {
			isa = XCConfigurationList;
			buildConfigurations = (
				66F9216516734FF000B1F868 /* Debug */,
				66F9216616734FF000B1F868 /* Release */,
			);
			defaultConfigurationIsVisible = 0;
			defaultConfigurationName = Release;
		};
		66F9216716734FF000B1F868 /* Build configuration list for PBXNativeTarget "jotuiexample" */ = {
			isa = XCConfigurationList;
			buildConfigurations = (
				66F9216816734FF000B1F868 /* Debug */,
				66F9216916734FF000B1F868 /* Release */,
			);
			defaultConfigurationIsVisible = 0;
			defaultConfigurationName = Release;
		};
/* End XCConfigurationList section */
	};
	rootObject = 66F9213A16734FF000B1F868 /* Project object */;
}
